// !$*UTF8*$!
{
	archiveVersion = 1;
	classes = {
	};
	objectVersion = 51;
	objects = {

/* Begin PBXBuildFile section */
		02094C4925EF771F00990F2D /* GoogleService-Info.plist in Resources */ = {isa = PBXBuildFile; fileRef = 02094C4825EF771F00990F2D /* GoogleService-Info.plist */; };
		02094C5225EF774100990F2D /* SideMenu.swift in Sources */ = {isa = PBXBuildFile; fileRef = 02094C4A25EF773E00990F2D /* SideMenu.swift */; };
		02094C5325EF774100990F2D /* LaunchScreen.storyboard in Resources */ = {isa = PBXBuildFile; fileRef = 02094C4B25EF773F00990F2D /* LaunchScreen.storyboard */; };
		02094C5425EF774100990F2D /* AppDelegate.swift in Sources */ = {isa = PBXBuildFile; fileRef = 02094C4C25EF773F00990F2D /* AppDelegate.swift */; };
		02094C5525EF774100990F2D /* Api.swift in Sources */ = {isa = PBXBuildFile; fileRef = 02094C4D25EF773F00990F2D /* Api.swift */; };
		02094C5625EF774100990F2D /* Assets.xcassets in Resources */ = {isa = PBXBuildFile; fileRef = 02094C4E25EF774000990F2D /* Assets.xcassets */; };
		02094C5725EF774100990F2D /* Main.storyboard in Resources */ = {isa = PBXBuildFile; fileRef = 02094C4F25EF774000990F2D /* Main.storyboard */; };
		02094C5825EF774100990F2D /* Extensions.swift in Sources */ = {isa = PBXBuildFile; fileRef = 02094C5025EF774100990F2D /* Extensions.swift */; };
		02094C5925EF774100990F2D /* SceneDelegate.swift in Sources */ = {isa = PBXBuildFile; fileRef = 02094C5125EF774100990F2D /* SceneDelegate.swift */; };
		02094CA525EF822900990F2D /* SF-Pro-Display-UltralightItalic.otf in Resources */ = {isa = PBXBuildFile; fileRef = 02094C9325EF822700990F2D /* SF-Pro-Display-UltralightItalic.otf */; };
		02094CA625EF822900990F2D /* SF-Pro-Display-Heavy.otf in Resources */ = {isa = PBXBuildFile; fileRef = 02094C9425EF822700990F2D /* SF-Pro-Display-Heavy.otf */; };
		02094CA725EF822900990F2D /* SF-Pro-Display-SemiboldItalic.otf in Resources */ = {isa = PBXBuildFile; fileRef = 02094C9525EF822800990F2D /* SF-Pro-Display-SemiboldItalic.otf */; };
		02094CA825EF822900990F2D /* SF-Pro-Display-Black.otf in Resources */ = {isa = PBXBuildFile; fileRef = 02094C9625EF822800990F2D /* SF-Pro-Display-Black.otf */; };
		02094CA925EF822900990F2D /* SF-Pro-Display-MediumItalic.otf in Resources */ = {isa = PBXBuildFile; fileRef = 02094C9725EF822800990F2D /* SF-Pro-Display-MediumItalic.otf */; };
		02094CAA25EF822900990F2D /* SF-Pro-Display-Light.otf in Resources */ = {isa = PBXBuildFile; fileRef = 02094C9825EF822800990F2D /* SF-Pro-Display-Light.otf */; };
		02094CAB25EF822900990F2D /* SF-Pro-Display-RegularItalic.otf in Resources */ = {isa = PBXBuildFile; fileRef = 02094C9925EF822800990F2D /* SF-Pro-Display-RegularItalic.otf */; };
		02094CAC25EF822900990F2D /* SF-Pro-Display-BoldItalic.otf in Resources */ = {isa = PBXBuildFile; fileRef = 02094C9A25EF822800990F2D /* SF-Pro-Display-BoldItalic.otf */; };
		02094CAD25EF822900990F2D /* SF-Pro-Display-Bold.otf in Resources */ = {isa = PBXBuildFile; fileRef = 02094C9B25EF822800990F2D /* SF-Pro-Display-Bold.otf */; };
		02094CAE25EF822900990F2D /* SF-Pro-Display-Semibold.otf in Resources */ = {isa = PBXBuildFile; fileRef = 02094C9C25EF822800990F2D /* SF-Pro-Display-Semibold.otf */; };
		02094CAF25EF822900990F2D /* SF-Pro-Display-BlackItalic.otf in Resources */ = {isa = PBXBuildFile; fileRef = 02094C9D25EF822900990F2D /* SF-Pro-Display-BlackItalic.otf */; };
		02094CB025EF822900990F2D /* SF-Pro-Display-HeavyItalic.otf in Resources */ = {isa = PBXBuildFile; fileRef = 02094C9E25EF822900990F2D /* SF-Pro-Display-HeavyItalic.otf */; };
		02094CB125EF822900990F2D /* SF-Pro-Display-Regular.otf in Resources */ = {isa = PBXBuildFile; fileRef = 02094C9F25EF822900990F2D /* SF-Pro-Display-Regular.otf */; };
		02094CB225EF822900990F2D /* SF-Pro-Display-ThinItalic.otf in Resources */ = {isa = PBXBuildFile; fileRef = 02094CA025EF822900990F2D /* SF-Pro-Display-ThinItalic.otf */; };
		02094CB325EF822900990F2D /* SF-Pro-Display-Ultralight.otf in Resources */ = {isa = PBXBuildFile; fileRef = 02094CA125EF822900990F2D /* SF-Pro-Display-Ultralight.otf */; };
		02094CB425EF822900990F2D /* SF-Pro-Display-Thin.otf in Resources */ = {isa = PBXBuildFile; fileRef = 02094CA225EF822900990F2D /* SF-Pro-Display-Thin.otf */; };
		02094CB525EF822900990F2D /* SF-Pro-Display-Medium.otf in Resources */ = {isa = PBXBuildFile; fileRef = 02094CA325EF822900990F2D /* SF-Pro-Display-Medium.otf */; };
		02094CB625EF822900990F2D /* SF-Pro-Display-LightItalic.otf in Resources */ = {isa = PBXBuildFile; fileRef = 02094CA425EF822900990F2D /* SF-Pro-Display-LightItalic.otf */; };
		02094CD825EFB1DA00990F2D /* HomeCell.xib in Resources */ = {isa = PBXBuildFile; fileRef = 02094CD225EFB1D900990F2D /* HomeCell.xib */; };
		02094CD925EFB1DA00990F2D /* HomeModel.swift in Sources */ = {isa = PBXBuildFile; fileRef = 02094CD325EFB1D900990F2D /* HomeModel.swift */; };
		02094CDA25EFB1DA00990F2D /* DetailViewController.swift in Sources */ = {isa = PBXBuildFile; fileRef = 02094CD425EFB1DA00990F2D /* DetailViewController.swift */; };
		02094CDB25EFB1DA00990F2D /* HomeCell.swift in Sources */ = {isa = PBXBuildFile; fileRef = 02094CD525EFB1DA00990F2D /* HomeCell.swift */; };
		02094CDC25EFB1DA00990F2D /* HomePostApi.swift in Sources */ = {isa = PBXBuildFile; fileRef = 02094CD625EFB1DA00990F2D /* HomePostApi.swift */; };
		02094CDD25EFB1DA00990F2D /* HomeViewController.swift in Sources */ = {isa = PBXBuildFile; fileRef = 02094CD725EFB1DA00990F2D /* HomeViewController.swift */; };
		02094CE325EFB1F500990F2D /* IndiaModel.swift in Sources */ = {isa = PBXBuildFile; fileRef = 02094CDE25EFB1F500990F2D /* IndiaModel.swift */; };
		02094CE425EFB1F500990F2D /* IndiaCell.swift in Sources */ = {isa = PBXBuildFile; fileRef = 02094CDF25EFB1F500990F2D /* IndiaCell.swift */; };
		02094CE525EFB1F500990F2D /* IndiaViewController.swift in Sources */ = {isa = PBXBuildFile; fileRef = 02094CE025EFB1F500990F2D /* IndiaViewController.swift */; };
		02094CE625EFB1F500990F2D /* IndiaCell.xib in Resources */ = {isa = PBXBuildFile; fileRef = 02094CE125EFB1F500990F2D /* IndiaCell.xib */; };
		02094CE725EFB1F500990F2D /* IndiaPostApi.swift in Sources */ = {isa = PBXBuildFile; fileRef = 02094CE225EFB1F500990F2D /* IndiaPostApi.swift */; };
		02094CED25EFB24C00990F2D /* WorldCell.xib in Resources */ = {isa = PBXBuildFile; fileRef = 02094CE825EFB24C00990F2D /* WorldCell.xib */; };
		02094CEE25EFB24C00990F2D /* WorldPostApi.swift in Sources */ = {isa = PBXBuildFile; fileRef = 02094CE925EFB24C00990F2D /* WorldPostApi.swift */; };
		02094CEF25EFB24C00990F2D /* WorldViewController.swift in Sources */ = {isa = PBXBuildFile; fileRef = 02094CEA25EFB24C00990F2D /* WorldViewController.swift */; };
		02094CF025EFB24C00990F2D /* WorldModel.swift in Sources */ = {isa = PBXBuildFile; fileRef = 02094CEB25EFB24C00990F2D /* WorldModel.swift */; };
		02094CF125EFB24C00990F2D /* WorldCell.swift in Sources */ = {isa = PBXBuildFile; fileRef = 02094CEC25EFB24C00990F2D /* WorldCell.swift */; };
		02094CF725EFB27800990F2D /* FinancePostApi.swift in Sources */ = {isa = PBXBuildFile; fileRef = 02094CF225EFB27800990F2D /* FinancePostApi.swift */; };
		02094CF825EFB27800990F2D /* FinanceCell.xib in Resources */ = {isa = PBXBuildFile; fileRef = 02094CF325EFB27800990F2D /* FinanceCell.xib */; };
		02094CF925EFB27800990F2D /* FinanceCell.swift in Sources */ = {isa = PBXBuildFile; fileRef = 02094CF425EFB27800990F2D /* FinanceCell.swift */; };
		02094CFA25EFB27800990F2D /* FinanceViewController.swift in Sources */ = {isa = PBXBuildFile; fileRef = 02094CF525EFB27800990F2D /* FinanceViewController.swift */; };
		02094CFB25EFB27800990F2D /* FinanceModel.swift in Sources */ = {isa = PBXBuildFile; fileRef = 02094CF625EFB27800990F2D /* FinanceModel.swift */; };
		02094D0125EFBB5C00990F2D /* TechModel.swift in Sources */ = {isa = PBXBuildFile; fileRef = 02094CFC25EFBB5C00990F2D /* TechModel.swift */; };
		02094D0225EFBB5C00990F2D /* TechViewController.swift in Sources */ = {isa = PBXBuildFile; fileRef = 02094CFD25EFBB5C00990F2D /* TechViewController.swift */; };
		02094D0325EFBB5C00990F2D /* TechPostApi.swift in Sources */ = {isa = PBXBuildFile; fileRef = 02094CFE25EFBB5C00990F2D /* TechPostApi.swift */; };
		02094D0425EFBB5C00990F2D /* TechCell.swift in Sources */ = {isa = PBXBuildFile; fileRef = 02094CFF25EFBB5C00990F2D /* TechCell.swift */; };
		02094D0525EFBB5C00990F2D /* TechCell.xib in Resources */ = {isa = PBXBuildFile; fileRef = 02094D0025EFBB5C00990F2D /* TechCell.xib */; };
		02094D0B25EFBB7700990F2D /* AutoCell.swift in Sources */ = {isa = PBXBuildFile; fileRef = 02094D0625EFBB7700990F2D /* AutoCell.swift */; };
		02094D0C25EFBB7700990F2D /* AutoModel.swift in Sources */ = {isa = PBXBuildFile; fileRef = 02094D0725EFBB7700990F2D /* AutoModel.swift */; };
		02094D0D25EFBB7700990F2D /* AutoCell.xib in Resources */ = {isa = PBXBuildFile; fileRef = 02094D0825EFBB7700990F2D /* AutoCell.xib */; };
		02094D0E25EFBB7700990F2D /* AutoPostApi.swift in Sources */ = {isa = PBXBuildFile; fileRef = 02094D0925EFBB7700990F2D /* AutoPostApi.swift */; };
		02094D0F25EFBB7700990F2D /* AutoViewController.swift in Sources */ = {isa = PBXBuildFile; fileRef = 02094D0A25EFBB7700990F2D /* AutoViewController.swift */; };
		02094D1525EFBB9000990F2D /* SportsCell.swift in Sources */ = {isa = PBXBuildFile; fileRef = 02094D1025EFBB9000990F2D /* SportsCell.swift */; };
		02094D1625EFBB9000990F2D /* SportsCell.xib in Resources */ = {isa = PBXBuildFile; fileRef = 02094D1125EFBB9000990F2D /* SportsCell.xib */; };
		02094D1725EFBB9000990F2D /* SportsPostApi.swift in Sources */ = {isa = PBXBuildFile; fileRef = 02094D1225EFBB9000990F2D /* SportsPostApi.swift */; };
		02094D1825EFBB9000990F2D /* SportsViewController.swift in Sources */ = {isa = PBXBuildFile; fileRef = 02094D1325EFBB9000990F2D /* SportsViewController.swift */; };
		02094D1925EFBB9000990F2D /* SportsModel.swift in Sources */ = {isa = PBXBuildFile; fileRef = 02094D1425EFBB9000990F2D /* SportsModel.swift */; };
		02094D1F25EFBBAA00990F2D /* EntertainmentCell.xib in Resources */ = {isa = PBXBuildFile; fileRef = 02094D1A25EFBBAA00990F2D /* EntertainmentCell.xib */; };
		02094D2025EFBBAA00990F2D /* EntertainmentModel.swift in Sources */ = {isa = PBXBuildFile; fileRef = 02094D1B25EFBBAA00990F2D /* EntertainmentModel.swift */; };
		02094D2125EFBBAA00990F2D /* EntertainmentCell.swift in Sources */ = {isa = PBXBuildFile; fileRef = 02094D1C25EFBBAA00990F2D /* EntertainmentCell.swift */; };
		02094D2225EFBBAA00990F2D /* EntertainmentViewController.swift in Sources */ = {isa = PBXBuildFile; fileRef = 02094D1D25EFBBAA00990F2D /* EntertainmentViewController.swift */; };
		02094D2325EFBBAA00990F2D /* EntertainmentPostApi.swift in Sources */ = {isa = PBXBuildFile; fileRef = 02094D1E25EFBBAA00990F2D /* EntertainmentPostApi.swift */; };
		02094D2925EFBBE600990F2D /* HealthCell.swift in Sources */ = {isa = PBXBuildFile; fileRef = 02094D2425EFBBE600990F2D /* HealthCell.swift */; };
		02094D2A25EFBBE600990F2D /* HealthPostApi.swift in Sources */ = {isa = PBXBuildFile; fileRef = 02094D2525EFBBE600990F2D /* HealthPostApi.swift */; };
		02094D2B25EFBBE600990F2D /* HealthCell.xib in Resources */ = {isa = PBXBuildFile; fileRef = 02094D2625EFBBE600990F2D /* HealthCell.xib */; };
		02094D2C25EFBBE600990F2D /* HealthViewController.swift in Sources */ = {isa = PBXBuildFile; fileRef = 02094D2725EFBBE600990F2D /* HealthViewController.swift */; };
		02094D2D25EFBBE600990F2D /* HealthModel.swift in Sources */ = {isa = PBXBuildFile; fileRef = 02094D2825EFBBE600990F2D /* HealthModel.swift */; };
		02094D3325EFBC0600990F2D /* LifestyleViewController.swift in Sources */ = {isa = PBXBuildFile; fileRef = 02094D2E25EFBC0600990F2D /* LifestyleViewController.swift */; };
		02094D3425EFBC0600990F2D /* LifestyleCell.xib in Resources */ = {isa = PBXBuildFile; fileRef = 02094D2F25EFBC0600990F2D /* LifestyleCell.xib */; };
		02094D3525EFBC0600990F2D /* LifestyleModel.swift in Sources */ = {isa = PBXBuildFile; fileRef = 02094D3025EFBC0600990F2D /* LifestyleModel.swift */; };
		02094D3625EFBC0600990F2D /* LifestyleCell.swift in Sources */ = {isa = PBXBuildFile; fileRef = 02094D3125EFBC0600990F2D /* LifestyleCell.swift */; };
		02094D3725EFBC0600990F2D /* LifestylePostApi.swift in Sources */ = {isa = PBXBuildFile; fileRef = 02094D3225EFBC0600990F2D /* LifestylePostApi.swift */; };
		02094D3D25EFBC1B00990F2D /* TravelCell.xib in Resources */ = {isa = PBXBuildFile; fileRef = 02094D3825EFBC1B00990F2D /* TravelCell.xib */; };
		02094D3E25EFBC1B00990F2D /* TravelViewController.swift in Sources */ = {isa = PBXBuildFile; fileRef = 02094D3925EFBC1B00990F2D /* TravelViewController.swift */; };
		02094D3F25EFBC1B00990F2D /* TravelModel.swift in Sources */ = {isa = PBXBuildFile; fileRef = 02094D3A25EFBC1B00990F2D /* TravelModel.swift */; };
		02094D4025EFBC1B00990F2D /* TravelCell.swift in Sources */ = {isa = PBXBuildFile; fileRef = 02094D3B25EFBC1B00990F2D /* TravelCell.swift */; };
		02094D4125EFBC1B00990F2D /* TravelPostApi.swift in Sources */ = {isa = PBXBuildFile; fileRef = 02094D3C25EFBC1B00990F2D /* TravelPostApi.swift */; };
		02094D4725EFC13F00990F2D /* AstroViewController.swift in Sources */ = {isa = PBXBuildFile; fileRef = 02094D4225EFC13F00990F2D /* AstroViewController.swift */; };
		02094D4825EFC13F00990F2D /* AstroCell.swift in Sources */ = {isa = PBXBuildFile; fileRef = 02094D4325EFC13F00990F2D /* AstroCell.swift */; };
		02094D4925EFC13F00990F2D /* AstroCell.xib in Resources */ = {isa = PBXBuildFile; fileRef = 02094D4425EFC13F00990F2D /* AstroCell.xib */; };
		02094D4A25EFC13F00990F2D /* AstroPostApi.swift in Sources */ = {isa = PBXBuildFile; fileRef = 02094D4525EFC13F00990F2D /* AstroPostApi.swift */; };
		02094D4B25EFC13F00990F2D /* AstroModel.swift in Sources */ = {isa = PBXBuildFile; fileRef = 02094D4625EFC13F00990F2D /* AstroModel.swift */; };
		02094D5125EFC16600990F2D /* PropertyCell.swift in Sources */ = {isa = PBXBuildFile; fileRef = 02094D4C25EFC16600990F2D /* PropertyCell.swift */; };
		02094D5225EFC16600990F2D /* PropertyCell.xib in Resources */ = {isa = PBXBuildFile; fileRef = 02094D4D25EFC16600990F2D /* PropertyCell.xib */; };
		02094D5325EFC16600990F2D /* PropertyModel.swift in Sources */ = {isa = PBXBuildFile; fileRef = 02094D4E25EFC16600990F2D /* PropertyModel.swift */; };
		02094D5425EFC16600990F2D /* PropertyPostApi.swift in Sources */ = {isa = PBXBuildFile; fileRef = 02094D4F25EFC16600990F2D /* PropertyPostApi.swift */; };
		02094D5525EFC16600990F2D /* PropertyViewController.swift in Sources */ = {isa = PBXBuildFile; fileRef = 02094D5025EFC16600990F2D /* PropertyViewController.swift */; };
		02094D5B25EFC17B00990F2D /* EducationCell.xib in Resources */ = {isa = PBXBuildFile; fileRef = 02094D5625EFC17B00990F2D /* EducationCell.xib */; };
		02094D5C25EFC17B00990F2D /* EducationViewController.swift in Sources */ = {isa = PBXBuildFile; fileRef = 02094D5725EFC17B00990F2D /* EducationViewController.swift */; };
		02094D5D25EFC17B00990F2D /* EducationCell.swift in Sources */ = {isa = PBXBuildFile; fileRef = 02094D5825EFC17B00990F2D /* EducationCell.swift */; };
		02094D5E25EFC17B00990F2D /* EducationPostApi.swift in Sources */ = {isa = PBXBuildFile; fileRef = 02094D5925EFC17B00990F2D /* EducationPostApi.swift */; };
		02094D5F25EFC17B00990F2D /* EducationModel.swift in Sources */ = {isa = PBXBuildFile; fileRef = 02094D5A25EFC17B00990F2D /* EducationModel.swift */; };
		02094D6525EFC19100990F2D /* FoodCell.swift in Sources */ = {isa = PBXBuildFile; fileRef = 02094D6025EFC19100990F2D /* FoodCell.swift */; };
		02094D6625EFC19100990F2D /* FoodModel.swift in Sources */ = {isa = PBXBuildFile; fileRef = 02094D6125EFC19100990F2D /* FoodModel.swift */; };
		02094D6725EFC19100990F2D /* FoodCell.xib in Resources */ = {isa = PBXBuildFile; fileRef = 02094D6225EFC19100990F2D /* FoodCell.xib */; };
		02094D6825EFC19100990F2D /* FoodPostApi.swift in Sources */ = {isa = PBXBuildFile; fileRef = 02094D6325EFC19100990F2D /* FoodPostApi.swift */; };
		02094D6925EFC19100990F2D /* FoodViewController.swift in Sources */ = {isa = PBXBuildFile; fileRef = 02094D6425EFC19100990F2D /* FoodViewController.swift */; };
		02094D6F25EFC1A700990F2D /* EnvironmentViewController.swift in Sources */ = {isa = PBXBuildFile; fileRef = 02094D6A25EFC1A700990F2D /* EnvironmentViewController.swift */; };
		02094D7025EFC1A700990F2D /* EnvironmentModel.swift in Sources */ = {isa = PBXBuildFile; fileRef = 02094D6B25EFC1A700990F2D /* EnvironmentModel.swift */; };
		02094D7125EFC1A700990F2D /* EnvironmentCell.xib in Resources */ = {isa = PBXBuildFile; fileRef = 02094D6C25EFC1A700990F2D /* EnvironmentCell.xib */; };
		02094D7225EFC1A700990F2D /* EnvironmentPostApi.swift in Sources */ = {isa = PBXBuildFile; fileRef = 02094D6D25EFC1A700990F2D /* EnvironmentPostApi.swift */; };
		02094D7325EFC1A700990F2D /* EnvironmentCell.swift in Sources */ = {isa = PBXBuildFile; fileRef = 02094D6E25EFC1A700990F2D /* EnvironmentCell.swift */; };
		02094D7925EFC1BB00990F2D /* OffbeatModel.swift in Sources */ = {isa = PBXBuildFile; fileRef = 02094D7425EFC1BB00990F2D /* OffbeatModel.swift */; };
		02094D7A25EFC1BB00990F2D /* OffbeatPostApi.swift in Sources */ = {isa = PBXBuildFile; fileRef = 02094D7525EFC1BB00990F2D /* OffbeatPostApi.swift */; };
		02094D7B25EFC1BB00990F2D /* OffbeatNewsCell.xib in Resources */ = {isa = PBXBuildFile; fileRef = 02094D7625EFC1BB00990F2D /* OffbeatNewsCell.xib */; };
		02094D7C25EFC1BB00990F2D /* OffbeatNewsCell.swift in Sources */ = {isa = PBXBuildFile; fileRef = 02094D7725EFC1BB00990F2D /* OffbeatNewsCell.swift */; };
		02094D7D25EFC1BB00990F2D /* OffbeatNewsViewController.swift in Sources */ = {isa = PBXBuildFile; fileRef = 02094D7825EFC1BB00990F2D /* OffbeatNewsViewController.swift */; };
		02094DA125EFC21900990F2D /* MoodfreshCell.swift in Sources */ = {isa = PBXBuildFile; fileRef = 02094D9C25EFC21900990F2D /* MoodfreshCell.swift */; };
		02094DA225EFC21900990F2D /* MoodfreshCell.xib in Resources */ = {isa = PBXBuildFile; fileRef = 02094D9D25EFC21900990F2D /* MoodfreshCell.xib */; };
		02094DA325EFC21900990F2D /* MoodfreshModel.swift in Sources */ = {isa = PBXBuildFile; fileRef = 02094D9E25EFC21900990F2D /* MoodfreshModel.swift */; };
		02094DA425EFC21900990F2D /* MoodfreshPostApi.swift in Sources */ = {isa = PBXBuildFile; fileRef = 02094D9F25EFC21900990F2D /* MoodfreshPostApi.swift */; };
		02094DA525EFC21900990F2D /* MoodfreshViewController.swift in Sources */ = {isa = PBXBuildFile; fileRef = 02094DA025EFC21900990F2D /* MoodfreshViewController.swift */; };
		02094DB525EFE60400990F2D /* GamingCell.xib in Resources */ = {isa = PBXBuildFile; fileRef = 02094DB025EFE60400990F2D /* GamingCell.xib */; };
		02094DB625EFE60400990F2D /* GamingCell.swift in Sources */ = {isa = PBXBuildFile; fileRef = 02094DB125EFE60400990F2D /* GamingCell.swift */; };
		02094DB725EFE60400990F2D /* GamingModel.swift in Sources */ = {isa = PBXBuildFile; fileRef = 02094DB225EFE60400990F2D /* GamingModel.swift */; };
		02094DB825EFE60400990F2D /* GamingPostApi.swift in Sources */ = {isa = PBXBuildFile; fileRef = 02094DB325EFE60400990F2D /* GamingPostApi.swift */; };
		02094DB925EFE60400990F2D /* GamingViewController.swift in Sources */ = {isa = PBXBuildFile; fileRef = 02094DB425EFE60400990F2D /* GamingViewController.swift */; };
		02094DD525EFE65E00990F2D /* MiscellanyModel.swift in Sources */ = {isa = PBXBuildFile; fileRef = 02094DD025EFE65E00990F2D /* MiscellanyModel.swift */; };
		02094DD625EFE65E00990F2D /* MiscellanyCell.swift in Sources */ = {isa = PBXBuildFile; fileRef = 02094DD125EFE65E00990F2D /* MiscellanyCell.swift */; };
		02094DD725EFE65E00990F2D /* MiscellanyViewController.swift in Sources */ = {isa = PBXBuildFile; fileRef = 02094DD225EFE65E00990F2D /* MiscellanyViewController.swift */; };
		02094DD825EFE65E00990F2D /* MiscellanyCell.xib in Resources */ = {isa = PBXBuildFile; fileRef = 02094DD325EFE65E00990F2D /* MiscellanyCell.xib */; };
		02094DD925EFE65E00990F2D /* MiscellanyPostApi.swift in Sources */ = {isa = PBXBuildFile; fileRef = 02094DD425EFE65E00990F2D /* MiscellanyPostApi.swift */; };
		FC312D2BB23BF5D91D17F45E /* Pods_Buzz_Shorts.framework in Frameworks */ = {isa = PBXBuildFile; fileRef = C5287CB08D782B2C2F203F2C /* Pods_Buzz_Shorts.framework */; };
/* End PBXBuildFile section */

/* Begin PBXFileReference section */
		02094C3125EF769600990F2D /* Buzz Shorts.app */ = {isa = PBXFileReference; explicitFileType = wrapper.application; includeInIndex = 0; path = "Buzz Shorts.app"; sourceTree = BUILT_PRODUCTS_DIR; };
		02094C4225EF769700990F2D /* Info.plist */ = {isa = PBXFileReference; lastKnownFileType = text.plist.xml; path = Info.plist; sourceTree = "<group>"; };
		02094C4825EF771F00990F2D /* GoogleService-Info.plist */ = {isa = PBXFileReference; fileEncoding = 4; lastKnownFileType = text.plist.xml; path = "GoogleService-Info.plist"; sourceTree = "<group>"; };
		02094C4A25EF773E00990F2D /* SideMenu.swift */ = {isa = PBXFileReference; fileEncoding = 4; lastKnownFileType = sourcecode.swift; path = SideMenu.swift; sourceTree = "<group>"; };
		02094C4B25EF773F00990F2D /* LaunchScreen.storyboard */ = {isa = PBXFileReference; fileEncoding = 4; lastKnownFileType = file.storyboard; path = LaunchScreen.storyboard; sourceTree = "<group>"; };
		02094C4C25EF773F00990F2D /* AppDelegate.swift */ = {isa = PBXFileReference; fileEncoding = 4; lastKnownFileType = sourcecode.swift; path = AppDelegate.swift; sourceTree = "<group>"; };
		02094C4D25EF773F00990F2D /* Api.swift */ = {isa = PBXFileReference; fileEncoding = 4; lastKnownFileType = sourcecode.swift; path = Api.swift; sourceTree = "<group>"; };
		02094C4E25EF774000990F2D /* Assets.xcassets */ = {isa = PBXFileReference; lastKnownFileType = folder.assetcatalog; path = Assets.xcassets; sourceTree = "<group>"; };
		02094C4F25EF774000990F2D /* Main.storyboard */ = {isa = PBXFileReference; fileEncoding = 4; lastKnownFileType = file.storyboard; path = Main.storyboard; sourceTree = "<group>"; };
		02094C5025EF774100990F2D /* Extensions.swift */ = {isa = PBXFileReference; fileEncoding = 4; lastKnownFileType = sourcecode.swift; path = Extensions.swift; sourceTree = "<group>"; };
		02094C5125EF774100990F2D /* SceneDelegate.swift */ = {isa = PBXFileReference; fileEncoding = 4; lastKnownFileType = sourcecode.swift; path = SceneDelegate.swift; sourceTree = "<group>"; };
		02094C9325EF822700990F2D /* SF-Pro-Display-UltralightItalic.otf */ = {isa = PBXFileReference; lastKnownFileType = file; path = "SF-Pro-Display-UltralightItalic.otf"; sourceTree = "<group>"; };
		02094C9425EF822700990F2D /* SF-Pro-Display-Heavy.otf */ = {isa = PBXFileReference; lastKnownFileType = file; path = "SF-Pro-Display-Heavy.otf"; sourceTree = "<group>"; };
		02094C9525EF822800990F2D /* SF-Pro-Display-SemiboldItalic.otf */ = {isa = PBXFileReference; lastKnownFileType = file; path = "SF-Pro-Display-SemiboldItalic.otf"; sourceTree = "<group>"; };
		02094C9625EF822800990F2D /* SF-Pro-Display-Black.otf */ = {isa = PBXFileReference; lastKnownFileType = file; path = "SF-Pro-Display-Black.otf"; sourceTree = "<group>"; };
		02094C9725EF822800990F2D /* SF-Pro-Display-MediumItalic.otf */ = {isa = PBXFileReference; lastKnownFileType = file; path = "SF-Pro-Display-MediumItalic.otf"; sourceTree = "<group>"; };
		02094C9825EF822800990F2D /* SF-Pro-Display-Light.otf */ = {isa = PBXFileReference; lastKnownFileType = file; path = "SF-Pro-Display-Light.otf"; sourceTree = "<group>"; };
		02094C9925EF822800990F2D /* SF-Pro-Display-RegularItalic.otf */ = {isa = PBXFileReference; lastKnownFileType = file; path = "SF-Pro-Display-RegularItalic.otf"; sourceTree = "<group>"; };
		02094C9A25EF822800990F2D /* SF-Pro-Display-BoldItalic.otf */ = {isa = PBXFileReference; lastKnownFileType = file; path = "SF-Pro-Display-BoldItalic.otf"; sourceTree = "<group>"; };
		02094C9B25EF822800990F2D /* SF-Pro-Display-Bold.otf */ = {isa = PBXFileReference; lastKnownFileType = file; path = "SF-Pro-Display-Bold.otf"; sourceTree = "<group>"; };
		02094C9C25EF822800990F2D /* SF-Pro-Display-Semibold.otf */ = {isa = PBXFileReference; lastKnownFileType = file; path = "SF-Pro-Display-Semibold.otf"; sourceTree = "<group>"; };
		02094C9D25EF822900990F2D /* SF-Pro-Display-BlackItalic.otf */ = {isa = PBXFileReference; lastKnownFileType = file; path = "SF-Pro-Display-BlackItalic.otf"; sourceTree = "<group>"; };
		02094C9E25EF822900990F2D /* SF-Pro-Display-HeavyItalic.otf */ = {isa = PBXFileReference; lastKnownFileType = file; path = "SF-Pro-Display-HeavyItalic.otf"; sourceTree = "<group>"; };
		02094C9F25EF822900990F2D /* SF-Pro-Display-Regular.otf */ = {isa = PBXFileReference; lastKnownFileType = file; path = "SF-Pro-Display-Regular.otf"; sourceTree = "<group>"; };
		02094CA025EF822900990F2D /* SF-Pro-Display-ThinItalic.otf */ = {isa = PBXFileReference; lastKnownFileType = file; path = "SF-Pro-Display-ThinItalic.otf"; sourceTree = "<group>"; };
		02094CA125EF822900990F2D /* SF-Pro-Display-Ultralight.otf */ = {isa = PBXFileReference; lastKnownFileType = file; path = "SF-Pro-Display-Ultralight.otf"; sourceTree = "<group>"; };
		02094CA225EF822900990F2D /* SF-Pro-Display-Thin.otf */ = {isa = PBXFileReference; lastKnownFileType = file; path = "SF-Pro-Display-Thin.otf"; sourceTree = "<group>"; };
		02094CA325EF822900990F2D /* SF-Pro-Display-Medium.otf */ = {isa = PBXFileReference; lastKnownFileType = file; path = "SF-Pro-Display-Medium.otf"; sourceTree = "<group>"; };
		02094CA425EF822900990F2D /* SF-Pro-Display-LightItalic.otf */ = {isa = PBXFileReference; lastKnownFileType = file; path = "SF-Pro-Display-LightItalic.otf"; sourceTree = "<group>"; };
		02094CD225EFB1D900990F2D /* HomeCell.xib */ = {isa = PBXFileReference; fileEncoding = 4; lastKnownFileType = file.xib; path = HomeCell.xib; sourceTree = "<group>"; };
		02094CD325EFB1D900990F2D /* HomeModel.swift */ = {isa = PBXFileReference; fileEncoding = 4; lastKnownFileType = sourcecode.swift; path = HomeModel.swift; sourceTree = "<group>"; };
		02094CD425EFB1DA00990F2D /* DetailViewController.swift */ = {isa = PBXFileReference; fileEncoding = 4; lastKnownFileType = sourcecode.swift; path = DetailViewController.swift; sourceTree = "<group>"; };
		02094CD525EFB1DA00990F2D /* HomeCell.swift */ = {isa = PBXFileReference; fileEncoding = 4; lastKnownFileType = sourcecode.swift; path = HomeCell.swift; sourceTree = "<group>"; };
		02094CD625EFB1DA00990F2D /* HomePostApi.swift */ = {isa = PBXFileReference; fileEncoding = 4; lastKnownFileType = sourcecode.swift; path = HomePostApi.swift; sourceTree = "<group>"; };
		02094CD725EFB1DA00990F2D /* HomeViewController.swift */ = {isa = PBXFileReference; fileEncoding = 4; lastKnownFileType = sourcecode.swift; path = HomeViewController.swift; sourceTree = "<group>"; };
		02094CDE25EFB1F500990F2D /* IndiaModel.swift */ = {isa = PBXFileReference; fileEncoding = 4; lastKnownFileType = sourcecode.swift; path = IndiaModel.swift; sourceTree = "<group>"; };
		02094CDF25EFB1F500990F2D /* IndiaCell.swift */ = {isa = PBXFileReference; fileEncoding = 4; lastKnownFileType = sourcecode.swift; path = IndiaCell.swift; sourceTree = "<group>"; };
		02094CE025EFB1F500990F2D /* IndiaViewController.swift */ = {isa = PBXFileReference; fileEncoding = 4; lastKnownFileType = sourcecode.swift; path = IndiaViewController.swift; sourceTree = "<group>"; };
		02094CE125EFB1F500990F2D /* IndiaCell.xib */ = {isa = PBXFileReference; fileEncoding = 4; lastKnownFileType = file.xib; path = IndiaCell.xib; sourceTree = "<group>"; };
		02094CE225EFB1F500990F2D /* IndiaPostApi.swift */ = {isa = PBXFileReference; fileEncoding = 4; lastKnownFileType = sourcecode.swift; path = IndiaPostApi.swift; sourceTree = "<group>"; };
		02094CE825EFB24C00990F2D /* WorldCell.xib */ = {isa = PBXFileReference; fileEncoding = 4; lastKnownFileType = file.xib; path = WorldCell.xib; sourceTree = "<group>"; };
		02094CE925EFB24C00990F2D /* WorldPostApi.swift */ = {isa = PBXFileReference; fileEncoding = 4; lastKnownFileType = sourcecode.swift; path = WorldPostApi.swift; sourceTree = "<group>"; };
		02094CEA25EFB24C00990F2D /* WorldViewController.swift */ = {isa = PBXFileReference; fileEncoding = 4; lastKnownFileType = sourcecode.swift; path = WorldViewController.swift; sourceTree = "<group>"; };
		02094CEB25EFB24C00990F2D /* WorldModel.swift */ = {isa = PBXFileReference; fileEncoding = 4; lastKnownFileType = sourcecode.swift; path = WorldModel.swift; sourceTree = "<group>"; };
		02094CEC25EFB24C00990F2D /* WorldCell.swift */ = {isa = PBXFileReference; fileEncoding = 4; lastKnownFileType = sourcecode.swift; path = WorldCell.swift; sourceTree = "<group>"; };
		02094CF225EFB27800990F2D /* FinancePostApi.swift */ = {isa = PBXFileReference; fileEncoding = 4; lastKnownFileType = sourcecode.swift; path = FinancePostApi.swift; sourceTree = "<group>"; };
		02094CF325EFB27800990F2D /* FinanceCell.xib */ = {isa = PBXFileReference; fileEncoding = 4; lastKnownFileType = file.xib; path = FinanceCell.xib; sourceTree = "<group>"; };
		02094CF425EFB27800990F2D /* FinanceCell.swift */ = {isa = PBXFileReference; fileEncoding = 4; lastKnownFileType = sourcecode.swift; path = FinanceCell.swift; sourceTree = "<group>"; };
		02094CF525EFB27800990F2D /* FinanceViewController.swift */ = {isa = PBXFileReference; fileEncoding = 4; lastKnownFileType = sourcecode.swift; path = FinanceViewController.swift; sourceTree = "<group>"; };
		02094CF625EFB27800990F2D /* FinanceModel.swift */ = {isa = PBXFileReference; fileEncoding = 4; lastKnownFileType = sourcecode.swift; path = FinanceModel.swift; sourceTree = "<group>"; };
		02094CFC25EFBB5C00990F2D /* TechModel.swift */ = {isa = PBXFileReference; fileEncoding = 4; lastKnownFileType = sourcecode.swift; path = TechModel.swift; sourceTree = "<group>"; };
		02094CFD25EFBB5C00990F2D /* TechViewController.swift */ = {isa = PBXFileReference; fileEncoding = 4; lastKnownFileType = sourcecode.swift; path = TechViewController.swift; sourceTree = "<group>"; };
		02094CFE25EFBB5C00990F2D /* TechPostApi.swift */ = {isa = PBXFileReference; fileEncoding = 4; lastKnownFileType = sourcecode.swift; path = TechPostApi.swift; sourceTree = "<group>"; };
		02094CFF25EFBB5C00990F2D /* TechCell.swift */ = {isa = PBXFileReference; fileEncoding = 4; lastKnownFileType = sourcecode.swift; path = TechCell.swift; sourceTree = "<group>"; };
		02094D0025EFBB5C00990F2D /* TechCell.xib */ = {isa = PBXFileReference; fileEncoding = 4; lastKnownFileType = file.xib; path = TechCell.xib; sourceTree = "<group>"; };
		02094D0625EFBB7700990F2D /* AutoCell.swift */ = {isa = PBXFileReference; fileEncoding = 4; lastKnownFileType = sourcecode.swift; path = AutoCell.swift; sourceTree = "<group>"; };
		02094D0725EFBB7700990F2D /* AutoModel.swift */ = {isa = PBXFileReference; fileEncoding = 4; lastKnownFileType = sourcecode.swift; path = AutoModel.swift; sourceTree = "<group>"; };
		02094D0825EFBB7700990F2D /* AutoCell.xib */ = {isa = PBXFileReference; fileEncoding = 4; lastKnownFileType = file.xib; path = AutoCell.xib; sourceTree = "<group>"; };
		02094D0925EFBB7700990F2D /* AutoPostApi.swift */ = {isa = PBXFileReference; fileEncoding = 4; lastKnownFileType = sourcecode.swift; path = AutoPostApi.swift; sourceTree = "<group>"; };
		02094D0A25EFBB7700990F2D /* AutoViewController.swift */ = {isa = PBXFileReference; fileEncoding = 4; lastKnownFileType = sourcecode.swift; path = AutoViewController.swift; sourceTree = "<group>"; };
		02094D1025EFBB9000990F2D /* SportsCell.swift */ = {isa = PBXFileReference; fileEncoding = 4; lastKnownFileType = sourcecode.swift; path = SportsCell.swift; sourceTree = "<group>"; };
		02094D1125EFBB9000990F2D /* SportsCell.xib */ = {isa = PBXFileReference; fileEncoding = 4; lastKnownFileType = file.xib; path = SportsCell.xib; sourceTree = "<group>"; };
		02094D1225EFBB9000990F2D /* SportsPostApi.swift */ = {isa = PBXFileReference; fileEncoding = 4; lastKnownFileType = sourcecode.swift; path = SportsPostApi.swift; sourceTree = "<group>"; };
		02094D1325EFBB9000990F2D /* SportsViewController.swift */ = {isa = PBXFileReference; fileEncoding = 4; lastKnownFileType = sourcecode.swift; path = SportsViewController.swift; sourceTree = "<group>"; };
		02094D1425EFBB9000990F2D /* SportsModel.swift */ = {isa = PBXFileReference; fileEncoding = 4; lastKnownFileType = sourcecode.swift; path = SportsModel.swift; sourceTree = "<group>"; };
		02094D1A25EFBBAA00990F2D /* EntertainmentCell.xib */ = {isa = PBXFileReference; fileEncoding = 4; lastKnownFileType = file.xib; path = EntertainmentCell.xib; sourceTree = "<group>"; };
		02094D1B25EFBBAA00990F2D /* EntertainmentModel.swift */ = {isa = PBXFileReference; fileEncoding = 4; lastKnownFileType = sourcecode.swift; path = EntertainmentModel.swift; sourceTree = "<group>"; };
		02094D1C25EFBBAA00990F2D /* EntertainmentCell.swift */ = {isa = PBXFileReference; fileEncoding = 4; lastKnownFileType = sourcecode.swift; path = EntertainmentCell.swift; sourceTree = "<group>"; };
		02094D1D25EFBBAA00990F2D /* EntertainmentViewController.swift */ = {isa = PBXFileReference; fileEncoding = 4; lastKnownFileType = sourcecode.swift; path = EntertainmentViewController.swift; sourceTree = "<group>"; };
		02094D1E25EFBBAA00990F2D /* EntertainmentPostApi.swift */ = {isa = PBXFileReference; fileEncoding = 4; lastKnownFileType = sourcecode.swift; path = EntertainmentPostApi.swift; sourceTree = "<group>"; };
		02094D2425EFBBE600990F2D /* HealthCell.swift */ = {isa = PBXFileReference; fileEncoding = 4; lastKnownFileType = sourcecode.swift; path = HealthCell.swift; sourceTree = "<group>"; };
		02094D2525EFBBE600990F2D /* HealthPostApi.swift */ = {isa = PBXFileReference; fileEncoding = 4; lastKnownFileType = sourcecode.swift; path = HealthPostApi.swift; sourceTree = "<group>"; };
		02094D2625EFBBE600990F2D /* HealthCell.xib */ = {isa = PBXFileReference; fileEncoding = 4; lastKnownFileType = file.xib; path = HealthCell.xib; sourceTree = "<group>"; };
		02094D2725EFBBE600990F2D /* HealthViewController.swift */ = {isa = PBXFileReference; fileEncoding = 4; lastKnownFileType = sourcecode.swift; path = HealthViewController.swift; sourceTree = "<group>"; };
		02094D2825EFBBE600990F2D /* HealthModel.swift */ = {isa = PBXFileReference; fileEncoding = 4; lastKnownFileType = sourcecode.swift; path = HealthModel.swift; sourceTree = "<group>"; };
		02094D2E25EFBC0600990F2D /* LifestyleViewController.swift */ = {isa = PBXFileReference; fileEncoding = 4; lastKnownFileType = sourcecode.swift; path = LifestyleViewController.swift; sourceTree = "<group>"; };
		02094D2F25EFBC0600990F2D /* LifestyleCell.xib */ = {isa = PBXFileReference; fileEncoding = 4; lastKnownFileType = file.xib; path = LifestyleCell.xib; sourceTree = "<group>"; };
		02094D3025EFBC0600990F2D /* LifestyleModel.swift */ = {isa = PBXFileReference; fileEncoding = 4; lastKnownFileType = sourcecode.swift; path = LifestyleModel.swift; sourceTree = "<group>"; };
		02094D3125EFBC0600990F2D /* LifestyleCell.swift */ = {isa = PBXFileReference; fileEncoding = 4; lastKnownFileType = sourcecode.swift; path = LifestyleCell.swift; sourceTree = "<group>"; };
		02094D3225EFBC0600990F2D /* LifestylePostApi.swift */ = {isa = PBXFileReference; fileEncoding = 4; lastKnownFileType = sourcecode.swift; path = LifestylePostApi.swift; sourceTree = "<group>"; };
		02094D3825EFBC1B00990F2D /* TravelCell.xib */ = {isa = PBXFileReference; fileEncoding = 4; lastKnownFileType = file.xib; path = TravelCell.xib; sourceTree = "<group>"; };
		02094D3925EFBC1B00990F2D /* TravelViewController.swift */ = {isa = PBXFileReference; fileEncoding = 4; lastKnownFileType = sourcecode.swift; path = TravelViewController.swift; sourceTree = "<group>"; };
		02094D3A25EFBC1B00990F2D /* TravelModel.swift */ = {isa = PBXFileReference; fileEncoding = 4; lastKnownFileType = sourcecode.swift; path = TravelModel.swift; sourceTree = "<group>"; };
		02094D3B25EFBC1B00990F2D /* TravelCell.swift */ = {isa = PBXFileReference; fileEncoding = 4; lastKnownFileType = sourcecode.swift; path = TravelCell.swift; sourceTree = "<group>"; };
		02094D3C25EFBC1B00990F2D /* TravelPostApi.swift */ = {isa = PBXFileReference; fileEncoding = 4; lastKnownFileType = sourcecode.swift; path = TravelPostApi.swift; sourceTree = "<group>"; };
		02094D4225EFC13F00990F2D /* AstroViewController.swift */ = {isa = PBXFileReference; fileEncoding = 4; lastKnownFileType = sourcecode.swift; path = AstroViewController.swift; sourceTree = "<group>"; };
		02094D4325EFC13F00990F2D /* AstroCell.swift */ = {isa = PBXFileReference; fileEncoding = 4; lastKnownFileType = sourcecode.swift; path = AstroCell.swift; sourceTree = "<group>"; };
		02094D4425EFC13F00990F2D /* AstroCell.xib */ = {isa = PBXFileReference; fileEncoding = 4; lastKnownFileType = file.xib; path = AstroCell.xib; sourceTree = "<group>"; };
		02094D4525EFC13F00990F2D /* AstroPostApi.swift */ = {isa = PBXFileReference; fileEncoding = 4; lastKnownFileType = sourcecode.swift; path = AstroPostApi.swift; sourceTree = "<group>"; };
		02094D4625EFC13F00990F2D /* AstroModel.swift */ = {isa = PBXFileReference; fileEncoding = 4; lastKnownFileType = sourcecode.swift; path = AstroModel.swift; sourceTree = "<group>"; };
		02094D4C25EFC16600990F2D /* PropertyCell.swift */ = {isa = PBXFileReference; fileEncoding = 4; lastKnownFileType = sourcecode.swift; path = PropertyCell.swift; sourceTree = "<group>"; };
		02094D4D25EFC16600990F2D /* PropertyCell.xib */ = {isa = PBXFileReference; fileEncoding = 4; lastKnownFileType = file.xib; path = PropertyCell.xib; sourceTree = "<group>"; };
		02094D4E25EFC16600990F2D /* PropertyModel.swift */ = {isa = PBXFileReference; fileEncoding = 4; lastKnownFileType = sourcecode.swift; path = PropertyModel.swift; sourceTree = "<group>"; };
		02094D4F25EFC16600990F2D /* PropertyPostApi.swift */ = {isa = PBXFileReference; fileEncoding = 4; lastKnownFileType = sourcecode.swift; path = PropertyPostApi.swift; sourceTree = "<group>"; };
		02094D5025EFC16600990F2D /* PropertyViewController.swift */ = {isa = PBXFileReference; fileEncoding = 4; lastKnownFileType = sourcecode.swift; path = PropertyViewController.swift; sourceTree = "<group>"; };
		02094D5625EFC17B00990F2D /* EducationCell.xib */ = {isa = PBXFileReference; fileEncoding = 4; lastKnownFileType = file.xib; path = EducationCell.xib; sourceTree = "<group>"; };
		02094D5725EFC17B00990F2D /* EducationViewController.swift */ = {isa = PBXFileReference; fileEncoding = 4; lastKnownFileType = sourcecode.swift; path = EducationViewController.swift; sourceTree = "<group>"; };
		02094D5825EFC17B00990F2D /* EducationCell.swift */ = {isa = PBXFileReference; fileEncoding = 4; lastKnownFileType = sourcecode.swift; path = EducationCell.swift; sourceTree = "<group>"; };
		02094D5925EFC17B00990F2D /* EducationPostApi.swift */ = {isa = PBXFileReference; fileEncoding = 4; lastKnownFileType = sourcecode.swift; path = EducationPostApi.swift; sourceTree = "<group>"; };
		02094D5A25EFC17B00990F2D /* EducationModel.swift */ = {isa = PBXFileReference; fileEncoding = 4; lastKnownFileType = sourcecode.swift; path = EducationModel.swift; sourceTree = "<group>"; };
		02094D6025EFC19100990F2D /* FoodCell.swift */ = {isa = PBXFileReference; fileEncoding = 4; lastKnownFileType = sourcecode.swift; path = FoodCell.swift; sourceTree = "<group>"; };
		02094D6125EFC19100990F2D /* FoodModel.swift */ = {isa = PBXFileReference; fileEncoding = 4; lastKnownFileType = sourcecode.swift; path = FoodModel.swift; sourceTree = "<group>"; };
		02094D6225EFC19100990F2D /* FoodCell.xib */ = {isa = PBXFileReference; fileEncoding = 4; lastKnownFileType = file.xib; path = FoodCell.xib; sourceTree = "<group>"; };
		02094D6325EFC19100990F2D /* FoodPostApi.swift */ = {isa = PBXFileReference; fileEncoding = 4; lastKnownFileType = sourcecode.swift; path = FoodPostApi.swift; sourceTree = "<group>"; };
		02094D6425EFC19100990F2D /* FoodViewController.swift */ = {isa = PBXFileReference; fileEncoding = 4; lastKnownFileType = sourcecode.swift; path = FoodViewController.swift; sourceTree = "<group>"; };
		02094D6A25EFC1A700990F2D /* EnvironmentViewController.swift */ = {isa = PBXFileReference; fileEncoding = 4; lastKnownFileType = sourcecode.swift; path = EnvironmentViewController.swift; sourceTree = "<group>"; };
		02094D6B25EFC1A700990F2D /* EnvironmentModel.swift */ = {isa = PBXFileReference; fileEncoding = 4; lastKnownFileType = sourcecode.swift; path = EnvironmentModel.swift; sourceTree = "<group>"; };
		02094D6C25EFC1A700990F2D /* EnvironmentCell.xib */ = {isa = PBXFileReference; fileEncoding = 4; lastKnownFileType = file.xib; path = EnvironmentCell.xib; sourceTree = "<group>"; };
		02094D6D25EFC1A700990F2D /* EnvironmentPostApi.swift */ = {isa = PBXFileReference; fileEncoding = 4; lastKnownFileType = sourcecode.swift; path = EnvironmentPostApi.swift; sourceTree = "<group>"; };
		02094D6E25EFC1A700990F2D /* EnvironmentCell.swift */ = {isa = PBXFileReference; fileEncoding = 4; lastKnownFileType = sourcecode.swift; path = EnvironmentCell.swift; sourceTree = "<group>"; };
		02094D7425EFC1BB00990F2D /* OffbeatModel.swift */ = {isa = PBXFileReference; fileEncoding = 4; lastKnownFileType = sourcecode.swift; path = OffbeatModel.swift; sourceTree = "<group>"; };
		02094D7525EFC1BB00990F2D /* OffbeatPostApi.swift */ = {isa = PBXFileReference; fileEncoding = 4; lastKnownFileType = sourcecode.swift; path = OffbeatPostApi.swift; sourceTree = "<group>"; };
		02094D7625EFC1BB00990F2D /* OffbeatNewsCell.xib */ = {isa = PBXFileReference; fileEncoding = 4; lastKnownFileType = file.xib; path = OffbeatNewsCell.xib; sourceTree = "<group>"; };
		02094D7725EFC1BB00990F2D /* OffbeatNewsCell.swift */ = {isa = PBXFileReference; fileEncoding = 4; lastKnownFileType = sourcecode.swift; path = OffbeatNewsCell.swift; sourceTree = "<group>"; };
		02094D7825EFC1BB00990F2D /* OffbeatNewsViewController.swift */ = {isa = PBXFileReference; fileEncoding = 4; lastKnownFileType = sourcecode.swift; path = OffbeatNewsViewController.swift; sourceTree = "<group>"; };
		02094D9C25EFC21900990F2D /* MoodfreshCell.swift */ = {isa = PBXFileReference; fileEncoding = 4; lastKnownFileType = sourcecode.swift; path = MoodfreshCell.swift; sourceTree = "<group>"; };
		02094D9D25EFC21900990F2D /* MoodfreshCell.xib */ = {isa = PBXFileReference; fileEncoding = 4; lastKnownFileType = file.xib; path = MoodfreshCell.xib; sourceTree = "<group>"; };
		02094D9E25EFC21900990F2D /* MoodfreshModel.swift */ = {isa = PBXFileReference; fileEncoding = 4; lastKnownFileType = sourcecode.swift; path = MoodfreshModel.swift; sourceTree = "<group>"; };
		02094D9F25EFC21900990F2D /* MoodfreshPostApi.swift */ = {isa = PBXFileReference; fileEncoding = 4; lastKnownFileType = sourcecode.swift; path = MoodfreshPostApi.swift; sourceTree = "<group>"; };
		02094DA025EFC21900990F2D /* MoodfreshViewController.swift */ = {isa = PBXFileReference; fileEncoding = 4; lastKnownFileType = sourcecode.swift; path = MoodfreshViewController.swift; sourceTree = "<group>"; };
		02094DB025EFE60400990F2D /* GamingCell.xib */ = {isa = PBXFileReference; fileEncoding = 4; lastKnownFileType = file.xib; path = GamingCell.xib; sourceTree = "<group>"; };
		02094DB125EFE60400990F2D /* GamingCell.swift */ = {isa = PBXFileReference; fileEncoding = 4; lastKnownFileType = sourcecode.swift; path = GamingCell.swift; sourceTree = "<group>"; };
		02094DB225EFE60400990F2D /* GamingModel.swift */ = {isa = PBXFileReference; fileEncoding = 4; lastKnownFileType = sourcecode.swift; path = GamingModel.swift; sourceTree = "<group>"; };
		02094DB325EFE60400990F2D /* GamingPostApi.swift */ = {isa = PBXFileReference; fileEncoding = 4; lastKnownFileType = sourcecode.swift; path = GamingPostApi.swift; sourceTree = "<group>"; };
		02094DB425EFE60400990F2D /* GamingViewController.swift */ = {isa = PBXFileReference; fileEncoding = 4; lastKnownFileType = sourcecode.swift; path = GamingViewController.swift; sourceTree = "<group>"; };
		02094DD025EFE65E00990F2D /* MiscellanyModel.swift */ = {isa = PBXFileReference; fileEncoding = 4; lastKnownFileType = sourcecode.swift; path = MiscellanyModel.swift; sourceTree = "<group>"; };
		02094DD125EFE65E00990F2D /* MiscellanyCell.swift */ = {isa = PBXFileReference; fileEncoding = 4; lastKnownFileType = sourcecode.swift; path = MiscellanyCell.swift; sourceTree = "<group>"; };
		02094DD225EFE65E00990F2D /* MiscellanyViewController.swift */ = {isa = PBXFileReference; fileEncoding = 4; lastKnownFileType = sourcecode.swift; path = MiscellanyViewController.swift; sourceTree = "<group>"; };
		02094DD325EFE65E00990F2D /* MiscellanyCell.xib */ = {isa = PBXFileReference; fileEncoding = 4; lastKnownFileType = file.xib; path = MiscellanyCell.xib; sourceTree = "<group>"; };
		02094DD425EFE65E00990F2D /* MiscellanyPostApi.swift */ = {isa = PBXFileReference; fileEncoding = 4; lastKnownFileType = sourcecode.swift; path = MiscellanyPostApi.swift; sourceTree = "<group>"; };
		7874663FAD273602C1FA5719 /* Pods-Buzz Shorts.debug.xcconfig */ = {isa = PBXFileReference; includeInIndex = 1; lastKnownFileType = text.xcconfig; name = "Pods-Buzz Shorts.debug.xcconfig"; path = "Target Support Files/Pods-Buzz Shorts/Pods-Buzz Shorts.debug.xcconfig"; sourceTree = "<group>"; };
		9113DE3689A31F1B769D166E /* Pods-Buzz Shorts.release.xcconfig */ = {isa = PBXFileReference; includeInIndex = 1; lastKnownFileType = text.xcconfig; name = "Pods-Buzz Shorts.release.xcconfig"; path = "Target Support Files/Pods-Buzz Shorts/Pods-Buzz Shorts.release.xcconfig"; sourceTree = "<group>"; };
		C5287CB08D782B2C2F203F2C /* Pods_Buzz_Shorts.framework */ = {isa = PBXFileReference; explicitFileType = wrapper.framework; includeInIndex = 0; path = Pods_Buzz_Shorts.framework; sourceTree = BUILT_PRODUCTS_DIR; };
/* End PBXFileReference section */

/* Begin PBXFrameworksBuildPhase section */
		02094C2E25EF769600990F2D /* Frameworks */ = {
			isa = PBXFrameworksBuildPhase;
			buildActionMask = 2147483647;
			files = (
				FC312D2BB23BF5D91D17F45E /* Pods_Buzz_Shorts.framework in Frameworks */,
			);
			runOnlyForDeploymentPostprocessing = 0;
		};
/* End PBXFrameworksBuildPhase section */

/* Begin PBXGroup section */
		02094C2825EF769600990F2D = {
			isa = PBXGroup;
			children = (
				02094C9225EF821600990F2D /* Fonts */,
				02094C3325EF769600990F2D /* Buzz Shorts */,
				02094CD125EFB1A900990F2D /* Home */,
				02094CD025EFB1A300990F2D /* India */,
				02094CCF25EFB19D00990F2D /* World */,
				02094CCE25EFB19400990F2D /* Finance */,
				02094CCD25EFB18D00990F2D /* Technology */,
				02094CCC25EFB18500990F2D /* Automobiles */,
				02094CCB25EFB17D00990F2D /* Sports */,
				02094CCA25EFB17500990F2D /* Entertainment */,
				02094CC925EFB16D00990F2D /* Health */,
				02094CC825EFB16400990F2D /* Lifestyle */,
				02094CC725EFB15C00990F2D /* Travel */,
				02094CC625EFB15500990F2D /* Astrology */,
				02094CC525EFB14B00990F2D /* Property */,
				02094CC425EFB14300990F2D /* Education */,
				02094CC325EFB09400990F2D /* Food */,
				02094CC225EFB08B00990F2D /* Environment */,
				02094CC125EFB08000990F2D /* Offbeat News */,
				02094CBD25EFB05F00990F2D /* MoodFresh */,
				02094CBB25EFAFD200990F2D /* Gaming */,
				02094CB725EFAFA100990F2D /* Miscellany */,
				02094C3225EF769600990F2D /* Products */,
				1F505C16054EA34D21F436FD /* Pods */,
				E2A783BBC2A8D3E2A98028C5 /* Frameworks */,
			);
			sourceTree = "<group>";
		};
		02094C3225EF769600990F2D /* Products */ = {
			isa = PBXGroup;
			children = (
				02094C3125EF769600990F2D /* Buzz Shorts.app */,
			);
			name = Products;
			sourceTree = "<group>";
		};
		02094C3325EF769600990F2D /* Buzz Shorts */ = {
			isa = PBXGroup;
			children = (
				02094C4C25EF773F00990F2D /* AppDelegate.swift */,
				02094C5125EF774100990F2D /* SceneDelegate.swift */,
				02094C4E25EF774000990F2D /* Assets.xcassets */,
				02094C4B25EF773F00990F2D /* LaunchScreen.storyboard */,
				02094C4F25EF774000990F2D /* Main.storyboard */,
				02094C4A25EF773E00990F2D /* SideMenu.swift */,
				02094C4D25EF773F00990F2D /* Api.swift */,
				02094C5025EF774100990F2D /* Extensions.swift */,
				02094C4225EF769700990F2D /* Info.plist */,
				02094C4825EF771F00990F2D /* GoogleService-Info.plist */,
			);
			path = "Buzz Shorts";
			sourceTree = "<group>";
		};
		02094C9225EF821600990F2D /* Fonts */ = {
			isa = PBXGroup;
			children = (
				02094C9625EF822800990F2D /* SF-Pro-Display-Black.otf */,
				02094C9D25EF822900990F2D /* SF-Pro-Display-BlackItalic.otf */,
				02094C9B25EF822800990F2D /* SF-Pro-Display-Bold.otf */,
				02094C9A25EF822800990F2D /* SF-Pro-Display-BoldItalic.otf */,
				02094C9425EF822700990F2D /* SF-Pro-Display-Heavy.otf */,
				02094C9E25EF822900990F2D /* SF-Pro-Display-HeavyItalic.otf */,
				02094C9825EF822800990F2D /* SF-Pro-Display-Light.otf */,
				02094CA425EF822900990F2D /* SF-Pro-Display-LightItalic.otf */,
				02094CA325EF822900990F2D /* SF-Pro-Display-Medium.otf */,
				02094C9725EF822800990F2D /* SF-Pro-Display-MediumItalic.otf */,
				02094C9F25EF822900990F2D /* SF-Pro-Display-Regular.otf */,
				02094C9925EF822800990F2D /* SF-Pro-Display-RegularItalic.otf */,
				02094C9C25EF822800990F2D /* SF-Pro-Display-Semibold.otf */,
				02094C9525EF822800990F2D /* SF-Pro-Display-SemiboldItalic.otf */,
				02094CA225EF822900990F2D /* SF-Pro-Display-Thin.otf */,
				02094CA025EF822900990F2D /* SF-Pro-Display-ThinItalic.otf */,
				02094CA125EF822900990F2D /* SF-Pro-Display-Ultralight.otf */,
				02094C9325EF822700990F2D /* SF-Pro-Display-UltralightItalic.otf */,
			);
			path = Fonts;
			sourceTree = "<group>";
		};
		02094CB725EFAFA100990F2D /* Miscellany */ = {
			isa = PBXGroup;
			children = (
				02094DD225EFE65E00990F2D /* MiscellanyViewController.swift */,
				02094DD025EFE65E00990F2D /* MiscellanyModel.swift */,
				02094DD425EFE65E00990F2D /* MiscellanyPostApi.swift */,
				02094DD325EFE65E00990F2D /* MiscellanyCell.xib */,
				02094DD125EFE65E00990F2D /* MiscellanyCell.swift */,
			);
			path = Miscellany;
			sourceTree = "<group>";
		};
		02094CBB25EFAFD200990F2D /* Gaming */ = {
			isa = PBXGroup;
			children = (
				02094DB425EFE60400990F2D /* GamingViewController.swift */,
				02094DB225EFE60400990F2D /* GamingModel.swift */,
				02094DB325EFE60400990F2D /* GamingPostApi.swift */,
				02094DB025EFE60400990F2D /* GamingCell.xib */,
				02094DB125EFE60400990F2D /* GamingCell.swift */,
			);
			path = Gaming;
			sourceTree = "<group>";
		};
		02094CBD25EFB05F00990F2D /* MoodFresh */ = {
			isa = PBXGroup;
			children = (
				02094DA025EFC21900990F2D /* MoodfreshViewController.swift */,
				02094D9E25EFC21900990F2D /* MoodfreshModel.swift */,
				02094D9F25EFC21900990F2D /* MoodfreshPostApi.swift */,
				02094D9D25EFC21900990F2D /* MoodfreshCell.xib */,
				02094D9C25EFC21900990F2D /* MoodfreshCell.swift */,
			);
			path = MoodFresh;
			sourceTree = "<group>";
		};
		02094CC125EFB08000990F2D /* Offbeat News */ = {
			isa = PBXGroup;
			children = (
				02094D7825EFC1BB00990F2D /* OffbeatNewsViewController.swift */,
				02094D7425EFC1BB00990F2D /* OffbeatModel.swift */,
				02094D7525EFC1BB00990F2D /* OffbeatPostApi.swift */,
				02094D7625EFC1BB00990F2D /* OffbeatNewsCell.xib */,
				02094D7725EFC1BB00990F2D /* OffbeatNewsCell.swift */,
			);
			path = "Offbeat News";
			sourceTree = "<group>";
		};
		02094CC225EFB08B00990F2D /* Environment */ = {
			isa = PBXGroup;
			children = (
				02094D6A25EFC1A700990F2D /* EnvironmentViewController.swift */,
				02094D6B25EFC1A700990F2D /* EnvironmentModel.swift */,
				02094D6D25EFC1A700990F2D /* EnvironmentPostApi.swift */,
				02094D6C25EFC1A700990F2D /* EnvironmentCell.xib */,
				02094D6E25EFC1A700990F2D /* EnvironmentCell.swift */,
			);
			path = Environment;
			sourceTree = "<group>";
		};
		02094CC325EFB09400990F2D /* Food */ = {
			isa = PBXGroup;
			children = (
				02094D6425EFC19100990F2D /* FoodViewController.swift */,
				02094D6125EFC19100990F2D /* FoodModel.swift */,
				02094D6325EFC19100990F2D /* FoodPostApi.swift */,
				02094D6225EFC19100990F2D /* FoodCell.xib */,
				02094D6025EFC19100990F2D /* FoodCell.swift */,
			);
			path = Food;
			sourceTree = "<group>";
		};
		02094CC425EFB14300990F2D /* Education */ = {
			isa = PBXGroup;
			children = (
				02094D5725EFC17B00990F2D /* EducationViewController.swift */,
				02094D5A25EFC17B00990F2D /* EducationModel.swift */,
				02094D5925EFC17B00990F2D /* EducationPostApi.swift */,
				02094D5625EFC17B00990F2D /* EducationCell.xib */,
				02094D5825EFC17B00990F2D /* EducationCell.swift */,
			);
			path = Education;
			sourceTree = "<group>";
		};
		02094CC525EFB14B00990F2D /* Property */ = {
			isa = PBXGroup;
			children = (
				02094D5025EFC16600990F2D /* PropertyViewController.swift */,
				02094D4E25EFC16600990F2D /* PropertyModel.swift */,
				02094D4F25EFC16600990F2D /* PropertyPostApi.swift */,
				02094D4D25EFC16600990F2D /* PropertyCell.xib */,
				02094D4C25EFC16600990F2D /* PropertyCell.swift */,
			);
			path = Property;
			sourceTree = "<group>";
		};
		02094CC625EFB15500990F2D /* Astrology */ = {
			isa = PBXGroup;
			children = (
				02094D4225EFC13F00990F2D /* AstroViewController.swift */,
				02094D4625EFC13F00990F2D /* AstroModel.swift */,
				02094D4525EFC13F00990F2D /* AstroPostApi.swift */,
				02094D4425EFC13F00990F2D /* AstroCell.xib */,
				02094D4325EFC13F00990F2D /* AstroCell.swift */,
			);
			path = Astrology;
			sourceTree = "<group>";
		};
		02094CC725EFB15C00990F2D /* Travel */ = {
			isa = PBXGroup;
			children = (
				02094D3925EFBC1B00990F2D /* TravelViewController.swift */,
				02094D3A25EFBC1B00990F2D /* TravelModel.swift */,
				02094D3C25EFBC1B00990F2D /* TravelPostApi.swift */,
				02094D3825EFBC1B00990F2D /* TravelCell.xib */,
				02094D3B25EFBC1B00990F2D /* TravelCell.swift */,
			);
			path = Travel;
			sourceTree = "<group>";
		};
		02094CC825EFB16400990F2D /* Lifestyle */ = {
			isa = PBXGroup;
			children = (
				02094D2E25EFBC0600990F2D /* LifestyleViewController.swift */,
				02094D3025EFBC0600990F2D /* LifestyleModel.swift */,
				02094D3225EFBC0600990F2D /* LifestylePostApi.swift */,
				02094D2F25EFBC0600990F2D /* LifestyleCell.xib */,
				02094D3125EFBC0600990F2D /* LifestyleCell.swift */,
			);
			path = Lifestyle;
			sourceTree = "<group>";
		};
		02094CC925EFB16D00990F2D /* Health */ = {
			isa = PBXGroup;
			children = (
				02094D2725EFBBE600990F2D /* HealthViewController.swift */,
				02094D2825EFBBE600990F2D /* HealthModel.swift */,
				02094D2525EFBBE600990F2D /* HealthPostApi.swift */,
				02094D2625EFBBE600990F2D /* HealthCell.xib */,
				02094D2425EFBBE600990F2D /* HealthCell.swift */,
			);
			path = Health;
			sourceTree = "<group>";
		};
		02094CCA25EFB17500990F2D /* Entertainment */ = {
			isa = PBXGroup;
			children = (
				02094D1D25EFBBAA00990F2D /* EntertainmentViewController.swift */,
				02094D1B25EFBBAA00990F2D /* EntertainmentModel.swift */,
				02094D1E25EFBBAA00990F2D /* EntertainmentPostApi.swift */,
				02094D1A25EFBBAA00990F2D /* EntertainmentCell.xib */,
				02094D1C25EFBBAA00990F2D /* EntertainmentCell.swift */,
			);
			path = Entertainment;
			sourceTree = "<group>";
		};
		02094CCB25EFB17D00990F2D /* Sports */ = {
			isa = PBXGroup;
			children = (
				02094D1325EFBB9000990F2D /* SportsViewController.swift */,
				02094D1425EFBB9000990F2D /* SportsModel.swift */,
				02094D1225EFBB9000990F2D /* SportsPostApi.swift */,
				02094D1125EFBB9000990F2D /* SportsCell.xib */,
				02094D1025EFBB9000990F2D /* SportsCell.swift */,
			);
			path = Sports;
			sourceTree = "<group>";
		};
		02094CCC25EFB18500990F2D /* Automobiles */ = {
			isa = PBXGroup;
			children = (
				02094D0A25EFBB7700990F2D /* AutoViewController.swift */,
				02094D0725EFBB7700990F2D /* AutoModel.swift */,
				02094D0925EFBB7700990F2D /* AutoPostApi.swift */,
				02094D0825EFBB7700990F2D /* AutoCell.xib */,
				02094D0625EFBB7700990F2D /* AutoCell.swift */,
			);
			path = Automobiles;
			sourceTree = "<group>";
		};
		02094CCD25EFB18D00990F2D /* Technology */ = {
			isa = PBXGroup;
			children = (
				02094CFD25EFBB5C00990F2D /* TechViewController.swift */,
				02094CFC25EFBB5C00990F2D /* TechModel.swift */,
				02094CFE25EFBB5C00990F2D /* TechPostApi.swift */,
				02094D0025EFBB5C00990F2D /* TechCell.xib */,
				02094CFF25EFBB5C00990F2D /* TechCell.swift */,
			);
			path = Technology;
			sourceTree = "<group>";
		};
		02094CCE25EFB19400990F2D /* Finance */ = {
			isa = PBXGroup;
			children = (
				02094CF525EFB27800990F2D /* FinanceViewController.swift */,
				02094CF625EFB27800990F2D /* FinanceModel.swift */,
				02094CF225EFB27800990F2D /* FinancePostApi.swift */,
				02094CF325EFB27800990F2D /* FinanceCell.xib */,
				02094CF425EFB27800990F2D /* FinanceCell.swift */,
			);
			path = Finance;
			sourceTree = "<group>";
		};
		02094CCF25EFB19D00990F2D /* World */ = {
			isa = PBXGroup;
			children = (
				02094CEA25EFB24C00990F2D /* WorldViewController.swift */,
				02094CEB25EFB24C00990F2D /* WorldModel.swift */,
				02094CE925EFB24C00990F2D /* WorldPostApi.swift */,
				02094CE825EFB24C00990F2D /* WorldCell.xib */,
				02094CEC25EFB24C00990F2D /* WorldCell.swift */,
			);
			path = World;
			sourceTree = "<group>";
		};
		02094CD025EFB1A300990F2D /* India */ = {
			isa = PBXGroup;
			children = (
				02094CE025EFB1F500990F2D /* IndiaViewController.swift */,
				02094CDE25EFB1F500990F2D /* IndiaModel.swift */,
				02094CE225EFB1F500990F2D /* IndiaPostApi.swift */,
				02094CE125EFB1F500990F2D /* IndiaCell.xib */,
				02094CDF25EFB1F500990F2D /* IndiaCell.swift */,
			);
			path = India;
			sourceTree = "<group>";
		};
		02094CD125EFB1A900990F2D /* Home */ = {
			isa = PBXGroup;
			children = (
				02094CD725EFB1DA00990F2D /* HomeViewController.swift */,
				02094CD425EFB1DA00990F2D /* DetailViewController.swift */,
				02094CD325EFB1D900990F2D /* HomeModel.swift */,
				02094CD625EFB1DA00990F2D /* HomePostApi.swift */,
				02094CD225EFB1D900990F2D /* HomeCell.xib */,
				02094CD525EFB1DA00990F2D /* HomeCell.swift */,
			);
			path = Home;
			sourceTree = "<group>";
		};
		1F505C16054EA34D21F436FD /* Pods */ = {
			isa = PBXGroup;
			children = (
				7874663FAD273602C1FA5719 /* Pods-Buzz Shorts.debug.xcconfig */,
				9113DE3689A31F1B769D166E /* Pods-Buzz Shorts.release.xcconfig */,
			);
			path = Pods;
			sourceTree = "<group>";
		};
		E2A783BBC2A8D3E2A98028C5 /* Frameworks */ = {
			isa = PBXGroup;
			children = (
				C5287CB08D782B2C2F203F2C /* Pods_Buzz_Shorts.framework */,
			);
			name = Frameworks;
			sourceTree = "<group>";
		};
/* End PBXGroup section */

/* Begin PBXNativeTarget section */
		02094C3025EF769600990F2D /* Buzz Shorts */ = {
			isa = PBXNativeTarget;
			buildConfigurationList = 02094C4525EF769700990F2D /* Build configuration list for PBXNativeTarget "Buzz Shorts" */;
			buildPhases = (
				94FAC2A67E9D9D6D10313FF9 /* [CP] Check Pods Manifest.lock */,
				02094C2D25EF769600990F2D /* Sources */,
				02094C2E25EF769600990F2D /* Frameworks */,
				02094C2F25EF769600990F2D /* Resources */,
				1564E0B4314BB5C84EF36805 /* [CP] Embed Pods Frameworks */,
			);
			buildRules = (
			);
			dependencies = (
			);
			name = "Buzz Shorts";
			productName = "Buzz Shorts";
			productReference = 02094C3125EF769600990F2D /* Buzz Shorts.app */;
			productType = "com.apple.product-type.application";
		};
/* End PBXNativeTarget section */

/* Begin PBXProject section */
		02094C2925EF769600990F2D /* Project object */ = {
			isa = PBXProject;
			attributes = {
				LastSwiftUpdateCheck = 1250;
				LastUpgradeCheck = 1250;
				TargetAttributes = {
					02094C3025EF769600990F2D = {
						CreatedOnToolsVersion = 12.5;
						LastSwiftMigration = 1250;
					};
				};
			};
			buildConfigurationList = 02094C2C25EF769600990F2D /* Build configuration list for PBXProject "Buzz Shorts" */;
			compatibilityVersion = "Xcode 9.3";
			developmentRegion = en;
			hasScannedForEncodings = 0;
			knownRegions = (
				en,
				Base,
			);
			mainGroup = 02094C2825EF769600990F2D;
			productRefGroup = 02094C3225EF769600990F2D /* Products */;
			projectDirPath = "";
			projectRoot = "";
			targets = (
				02094C3025EF769600990F2D /* Buzz Shorts */,
			);
		};
/* End PBXProject section */

/* Begin PBXResourcesBuildPhase section */
		02094C2F25EF769600990F2D /* Resources */ = {
			isa = PBXResourcesBuildPhase;
			buildActionMask = 2147483647;
			files = (
				02094CB425EF822900990F2D /* SF-Pro-Display-Thin.otf in Resources */,
				02094D6725EFC19100990F2D /* FoodCell.xib in Resources */,
				02094CA725EF822900990F2D /* SF-Pro-Display-SemiboldItalic.otf in Resources */,
				02094C4925EF771F00990F2D /* GoogleService-Info.plist in Resources */,
				02094CED25EFB24C00990F2D /* WorldCell.xib in Resources */,
				02094C5625EF774100990F2D /* Assets.xcassets in Resources */,
				02094CA825EF822900990F2D /* SF-Pro-Display-Black.otf in Resources */,
				02094D5225EFC16600990F2D /* PropertyCell.xib in Resources */,
				02094DB525EFE60400990F2D /* GamingCell.xib in Resources */,
				02094CB225EF822900990F2D /* SF-Pro-Display-ThinItalic.otf in Resources */,
				02094CB525EF822900990F2D /* SF-Pro-Display-Medium.otf in Resources */,
				02094CA925EF822900990F2D /* SF-Pro-Display-MediumItalic.otf in Resources */,
				02094D7B25EFC1BB00990F2D /* OffbeatNewsCell.xib in Resources */,
				02094D5B25EFC17B00990F2D /* EducationCell.xib in Resources */,
				02094CB625EF822900990F2D /* SF-Pro-Display-LightItalic.otf in Resources */,
				02094D0D25EFBB7700990F2D /* AutoCell.xib in Resources */,
				02094CB325EF822900990F2D /* SF-Pro-Display-Ultralight.otf in Resources */,
				02094D0525EFBB5C00990F2D /* TechCell.xib in Resources */,
				02094DD825EFE65E00990F2D /* MiscellanyCell.xib in Resources */,
				02094C5325EF774100990F2D /* LaunchScreen.storyboard in Resources */,
				02094CAC25EF822900990F2D /* SF-Pro-Display-BoldItalic.otf in Resources */,
				02094D2B25EFBBE600990F2D /* HealthCell.xib in Resources */,
				02094CAD25EF822900990F2D /* SF-Pro-Display-Bold.otf in Resources */,
				02094DA225EFC21900990F2D /* MoodfreshCell.xib in Resources */,
				02094D4925EFC13F00990F2D /* AstroCell.xib in Resources */,
				02094CAA25EF822900990F2D /* SF-Pro-Display-Light.otf in Resources */,
				02094C5725EF774100990F2D /* Main.storyboard in Resources */,
				02094D3D25EFBC1B00990F2D /* TravelCell.xib in Resources */,
				02094D3425EFBC0600990F2D /* LifestyleCell.xib in Resources */,
				02094CF825EFB27800990F2D /* FinanceCell.xib in Resources */,
				02094CAF25EF822900990F2D /* SF-Pro-Display-BlackItalic.otf in Resources */,
				02094CAE25EF822900990F2D /* SF-Pro-Display-Semibold.otf in Resources */,
				02094CAB25EF822900990F2D /* SF-Pro-Display-RegularItalic.otf in Resources */,
				02094CA525EF822900990F2D /* SF-Pro-Display-UltralightItalic.otf in Resources */,
				02094D1625EFBB9000990F2D /* SportsCell.xib in Resources */,
				02094CE625EFB1F500990F2D /* IndiaCell.xib in Resources */,
				02094CA625EF822900990F2D /* SF-Pro-Display-Heavy.otf in Resources */,
				02094D1F25EFBBAA00990F2D /* EntertainmentCell.xib in Resources */,
				02094CB125EF822900990F2D /* SF-Pro-Display-Regular.otf in Resources */,
				02094D7125EFC1A700990F2D /* EnvironmentCell.xib in Resources */,
				02094CB025EF822900990F2D /* SF-Pro-Display-HeavyItalic.otf in Resources */,
				02094CD825EFB1DA00990F2D /* HomeCell.xib in Resources */,
			);
			runOnlyForDeploymentPostprocessing = 0;
		};
/* End PBXResourcesBuildPhase section */

/* Begin PBXShellScriptBuildPhase section */
		1564E0B4314BB5C84EF36805 /* [CP] Embed Pods Frameworks */ = {
			isa = PBXShellScriptBuildPhase;
			buildActionMask = 2147483647;
			files = (
			);
			inputFileListPaths = (
				"${PODS_ROOT}/Target Support Files/Pods-Buzz Shorts/Pods-Buzz Shorts-frameworks-${CONFIGURATION}-input-files.xcfilelist",
			);
			name = "[CP] Embed Pods Frameworks";
			outputFileListPaths = (
				"${PODS_ROOT}/Target Support Files/Pods-Buzz Shorts/Pods-Buzz Shorts-frameworks-${CONFIGURATION}-output-files.xcfilelist",
			);
			runOnlyForDeploymentPostprocessing = 0;
			shellPath = /bin/sh;
			shellScript = "\"${PODS_ROOT}/Target Support Files/Pods-Buzz Shorts/Pods-Buzz Shorts-frameworks.sh\"\n";
			showEnvVarsInLog = 0;
		};
		94FAC2A67E9D9D6D10313FF9 /* [CP] Check Pods Manifest.lock */ = {
			isa = PBXShellScriptBuildPhase;
			buildActionMask = 2147483647;
			files = (
			);
			inputFileListPaths = (
			);
			inputPaths = (
				"${PODS_PODFILE_DIR_PATH}/Podfile.lock",
				"${PODS_ROOT}/Manifest.lock",
			);
			name = "[CP] Check Pods Manifest.lock";
			outputFileListPaths = (
			);
			outputPaths = (
				"$(DERIVED_FILE_DIR)/Pods-Buzz Shorts-checkManifestLockResult.txt",
			);
			runOnlyForDeploymentPostprocessing = 0;
			shellPath = /bin/sh;
			shellScript = "diff \"${PODS_PODFILE_DIR_PATH}/Podfile.lock\" \"${PODS_ROOT}/Manifest.lock\" > /dev/null\nif [ $? != 0 ] ; then\n    # print error to STDERR\n    echo \"error: The sandbox is not in sync with the Podfile.lock. Run 'pod install' or update your CocoaPods installation.\" >&2\n    exit 1\nfi\n# This output is used by Xcode 'outputs' to avoid re-running this script phase.\necho \"SUCCESS\" > \"${SCRIPT_OUTPUT_FILE_0}\"\n";
			showEnvVarsInLog = 0;
		};
/* End PBXShellScriptBuildPhase section */

/* Begin PBXSourcesBuildPhase section */
		02094C2D25EF769600990F2D /* Sources */ = {
			isa = PBXSourcesBuildPhase;
			buildActionMask = 2147483647;
			files = (
				02094DA525EFC21900990F2D /* MoodfreshViewController.swift in Sources */,
				02094CFB25EFB27800990F2D /* FinanceModel.swift in Sources */,
				02094C5925EF774100990F2D /* SceneDelegate.swift in Sources */,
				02094D4025EFBC1B00990F2D /* TravelCell.swift in Sources */,
				02094D4825EFC13F00990F2D /* AstroCell.swift in Sources */,
				02094C5525EF774100990F2D /* Api.swift in Sources */,
				02094CF025EFB24C00990F2D /* WorldModel.swift in Sources */,
				02094D2225EFBBAA00990F2D /* EntertainmentViewController.swift in Sources */,
				02094DB825EFE60400990F2D /* GamingPostApi.swift in Sources */,
				02094DD525EFE65E00990F2D /* MiscellanyModel.swift in Sources */,
				02094DA325EFC21900990F2D /* MoodfreshModel.swift in Sources */,
				02094D1525EFBB9000990F2D /* SportsCell.swift in Sources */,
				02094D5F25EFC17B00990F2D /* EducationModel.swift in Sources */,
				02094D0C25EFBB7700990F2D /* AutoModel.swift in Sources */,
				02094D1825EFBB9000990F2D /* SportsViewController.swift in Sources */,
				02094D4A25EFC13F00990F2D /* AstroPostApi.swift in Sources */,
				02094CE325EFB1F500990F2D /* IndiaModel.swift in Sources */,
				02094D3E25EFBC1B00990F2D /* TravelViewController.swift in Sources */,
				02094D7225EFC1A700990F2D /* EnvironmentPostApi.swift in Sources */,
				02094CF925EFB27800990F2D /* FinanceCell.swift in Sources */,
				02094D0225EFBB5C00990F2D /* TechViewController.swift in Sources */,
				02094D6525EFC19100990F2D /* FoodCell.swift in Sources */,
				02094D5125EFC16600990F2D /* PropertyCell.swift in Sources */,
				02094D2325EFBBAA00990F2D /* EntertainmentPostApi.swift in Sources */,
				02094D7925EFC1BB00990F2D /* OffbeatModel.swift in Sources */,
				02094CDB25EFB1DA00990F2D /* HomeCell.swift in Sources */,
				02094D5D25EFC17B00990F2D /* EducationCell.swift in Sources */,
				02094DB625EFE60400990F2D /* GamingCell.swift in Sources */,
				02094D3525EFBC0600990F2D /* LifestyleModel.swift in Sources */,
				02094CE525EFB1F500990F2D /* IndiaViewController.swift in Sources */,
				02094CDC25EFB1DA00990F2D /* HomePostApi.swift in Sources */,
				02094CD925EFB1DA00990F2D /* HomeModel.swift in Sources */,
				02094D0E25EFBB7700990F2D /* AutoPostApi.swift in Sources */,
				02094CDD25EFB1DA00990F2D /* HomeViewController.swift in Sources */,
				02094D2125EFBBAA00990F2D /* EntertainmentCell.swift in Sources */,
				02094D7A25EFC1BB00990F2D /* OffbeatPostApi.swift in Sources */,
				02094CE425EFB1F500990F2D /* IndiaCell.swift in Sources */,
				02094D7C25EFC1BB00990F2D /* OffbeatNewsCell.swift in Sources */,
				02094D2A25EFBBE600990F2D /* HealthPostApi.swift in Sources */,
				02094DA425EFC21900990F2D /* MoodfreshPostApi.swift in Sources */,
				02094D2025EFBBAA00990F2D /* EntertainmentModel.swift in Sources */,
				02094DD625EFE65E00990F2D /* MiscellanyCell.swift in Sources */,
				02094D5325EFC16600990F2D /* PropertyModel.swift in Sources */,
				02094D3625EFBC0600990F2D /* LifestyleCell.swift in Sources */,
				02094D5E25EFC17B00990F2D /* EducationPostApi.swift in Sources */,
				02094D0325EFBB5C00990F2D /* TechPostApi.swift in Sources */,
				02094DD925EFE65E00990F2D /* MiscellanyPostApi.swift in Sources */,
				02094D6625EFC19100990F2D /* FoodModel.swift in Sources */,
				02094D3325EFBC0600990F2D /* LifestyleViewController.swift in Sources */,
				02094D5425EFC16600990F2D /* PropertyPostApi.swift in Sources */,
				02094D7325EFC1A700990F2D /* EnvironmentCell.swift in Sources */,
				02094D3F25EFBC1B00990F2D /* TravelModel.swift in Sources */,
				02094D1925EFBB9000990F2D /* SportsModel.swift in Sources */,
				02094CF125EFB24C00990F2D /* WorldCell.swift in Sources */,
				02094C5425EF774100990F2D /* AppDelegate.swift in Sources */,
				02094CEE25EFB24C00990F2D /* WorldPostApi.swift in Sources */,
				02094D4725EFC13F00990F2D /* AstroViewController.swift in Sources */,
				02094D0425EFBB5C00990F2D /* TechCell.swift in Sources */,
				02094CF725EFB27800990F2D /* FinancePostApi.swift in Sources */,
				02094DB925EFE60400990F2D /* GamingViewController.swift in Sources */,
				02094D6F25EFC1A700990F2D /* EnvironmentViewController.swift in Sources */,
				02094D3725EFBC0600990F2D /* LifestylePostApi.swift in Sources */,
				02094D4125EFBC1B00990F2D /* TravelPostApi.swift in Sources */,
				02094CEF25EFB24C00990F2D /* WorldViewController.swift in Sources */,
				02094D5C25EFC17B00990F2D /* EducationViewController.swift in Sources */,
				02094C5225EF774100990F2D /* SideMenu.swift in Sources */,
				02094D2925EFBBE600990F2D /* HealthCell.swift in Sources */,
				02094D4B25EFC13F00990F2D /* AstroModel.swift in Sources */,
				02094C5825EF774100990F2D /* Extensions.swift in Sources */,
				02094D1725EFBB9000990F2D /* SportsPostApi.swift in Sources */,
				02094D0B25EFBB7700990F2D /* AutoCell.swift in Sources */,
				02094D0F25EFBB7700990F2D /* AutoViewController.swift in Sources */,
				02094DB725EFE60400990F2D /* GamingModel.swift in Sources */,
				02094DA125EFC21900990F2D /* MoodfreshCell.swift in Sources */,
				02094D5525EFC16600990F2D /* PropertyViewController.swift in Sources */,
				02094D6925EFC19100990F2D /* FoodViewController.swift in Sources */,
				02094DD725EFE65E00990F2D /* MiscellanyViewController.swift in Sources */,
				02094CE725EFB1F500990F2D /* IndiaPostApi.swift in Sources */,
				02094D2D25EFBBE600990F2D /* HealthModel.swift in Sources */,
				02094D7D25EFC1BB00990F2D /* OffbeatNewsViewController.swift in Sources */,
				02094CFA25EFB27800990F2D /* FinanceViewController.swift in Sources */,
				02094D7025EFC1A700990F2D /* EnvironmentModel.swift in Sources */,
				02094D6825EFC19100990F2D /* FoodPostApi.swift in Sources */,
				02094D2C25EFBBE600990F2D /* HealthViewController.swift in Sources */,
				02094CDA25EFB1DA00990F2D /* DetailViewController.swift in Sources */,
				02094D0125EFBB5C00990F2D /* TechModel.swift in Sources */,
			);
			runOnlyForDeploymentPostprocessing = 0;
		};
/* End PBXSourcesBuildPhase section */

/* Begin XCBuildConfiguration section */
		02094C4325EF769700990F2D /* Debug */ = {
			isa = XCBuildConfiguration;
			buildSettings = {
				ALWAYS_SEARCH_USER_PATHS = NO;
				CLANG_ANALYZER_NONNULL = YES;
				CLANG_ANALYZER_NUMBER_OBJECT_CONVERSION = YES_AGGRESSIVE;
				CLANG_CXX_LANGUAGE_STANDARD = "gnu++14";
				CLANG_CXX_LIBRARY = "libc++";
				CLANG_ENABLE_MODULES = YES;
				CLANG_ENABLE_OBJC_ARC = YES;
				CLANG_ENABLE_OBJC_WEAK = YES;
				CLANG_WARN_BLOCK_CAPTURE_AUTORELEASING = YES;
				CLANG_WARN_BOOL_CONVERSION = YES;
				CLANG_WARN_COMMA = YES;
				CLANG_WARN_CONSTANT_CONVERSION = YES;
				CLANG_WARN_DEPRECATED_OBJC_IMPLEMENTATIONS = YES;
				CLANG_WARN_DIRECT_OBJC_ISA_USAGE = YES_ERROR;
				CLANG_WARN_DOCUMENTATION_COMMENTS = YES;
				CLANG_WARN_EMPTY_BODY = YES;
				CLANG_WARN_ENUM_CONVERSION = YES;
				CLANG_WARN_INFINITE_RECURSION = YES;
				CLANG_WARN_INT_CONVERSION = YES;
				CLANG_WARN_NON_LITERAL_NULL_CONVERSION = YES;
				CLANG_WARN_OBJC_IMPLICIT_RETAIN_SELF = YES;
				CLANG_WARN_OBJC_LITERAL_CONVERSION = YES;
				CLANG_WARN_OBJC_ROOT_CLASS = YES_ERROR;
				CLANG_WARN_QUOTED_INCLUDE_IN_FRAMEWORK_HEADER = YES;
				CLANG_WARN_RANGE_LOOP_ANALYSIS = YES;
				CLANG_WARN_STRICT_PROTOTYPES = YES;
				CLANG_WARN_SUSPICIOUS_MOVE = YES;
				CLANG_WARN_UNGUARDED_AVAILABILITY = YES_AGGRESSIVE;
				CLANG_WARN_UNREACHABLE_CODE = YES;
				CLANG_WARN__DUPLICATE_METHOD_MATCH = YES;
				COPY_PHASE_STRIP = NO;
				DEBUG_INFORMATION_FORMAT = dwarf;
				ENABLE_STRICT_OBJC_MSGSEND = YES;
				ENABLE_TESTABILITY = YES;
				GCC_C_LANGUAGE_STANDARD = gnu11;
				GCC_DYNAMIC_NO_PIC = NO;
				GCC_NO_COMMON_BLOCKS = YES;
				GCC_OPTIMIZATION_LEVEL = 0;
				GCC_PREPROCESSOR_DEFINITIONS = (
					"DEBUG=1",
					"$(inherited)",
				);
				GCC_WARN_64_TO_32_BIT_CONVERSION = YES;
				GCC_WARN_ABOUT_RETURN_TYPE = YES_ERROR;
				GCC_WARN_UNDECLARED_SELECTOR = YES;
				GCC_WARN_UNINITIALIZED_AUTOS = YES_AGGRESSIVE;
				GCC_WARN_UNUSED_FUNCTION = YES;
				GCC_WARN_UNUSED_VARIABLE = YES;
				IPHONEOS_DEPLOYMENT_TARGET = 13.0;
				MTL_ENABLE_DEBUG_INFO = INCLUDE_SOURCE;
				MTL_FAST_MATH = YES;
				ONLY_ACTIVE_ARCH = YES;
				SDKROOT = iphoneos;
				SWIFT_ACTIVE_COMPILATION_CONDITIONS = DEBUG;
				SWIFT_OPTIMIZATION_LEVEL = "-Onone";
			};
			name = Debug;
		};
		02094C4425EF769700990F2D /* Release */ = {
			isa = XCBuildConfiguration;
			buildSettings = {
				ALWAYS_SEARCH_USER_PATHS = NO;
				CLANG_ANALYZER_NONNULL = YES;
				CLANG_ANALYZER_NUMBER_OBJECT_CONVERSION = YES_AGGRESSIVE;
				CLANG_CXX_LANGUAGE_STANDARD = "gnu++14";
				CLANG_CXX_LIBRARY = "libc++";
				CLANG_ENABLE_MODULES = YES;
				CLANG_ENABLE_OBJC_ARC = YES;
				CLANG_ENABLE_OBJC_WEAK = YES;
				CLANG_WARN_BLOCK_CAPTURE_AUTORELEASING = YES;
				CLANG_WARN_BOOL_CONVERSION = YES;
				CLANG_WARN_COMMA = YES;
				CLANG_WARN_CONSTANT_CONVERSION = YES;
				CLANG_WARN_DEPRECATED_OBJC_IMPLEMENTATIONS = YES;
				CLANG_WARN_DIRECT_OBJC_ISA_USAGE = YES_ERROR;
				CLANG_WARN_DOCUMENTATION_COMMENTS = YES;
				CLANG_WARN_EMPTY_BODY = YES;
				CLANG_WARN_ENUM_CONVERSION = YES;
				CLANG_WARN_INFINITE_RECURSION = YES;
				CLANG_WARN_INT_CONVERSION = YES;
				CLANG_WARN_NON_LITERAL_NULL_CONVERSION = YES;
				CLANG_WARN_OBJC_IMPLICIT_RETAIN_SELF = YES;
				CLANG_WARN_OBJC_LITERAL_CONVERSION = YES;
				CLANG_WARN_OBJC_ROOT_CLASS = YES_ERROR;
				CLANG_WARN_QUOTED_INCLUDE_IN_FRAMEWORK_HEADER = YES;
				CLANG_WARN_RANGE_LOOP_ANALYSIS = YES;
				CLANG_WARN_STRICT_PROTOTYPES = YES;
				CLANG_WARN_SUSPICIOUS_MOVE = YES;
				CLANG_WARN_UNGUARDED_AVAILABILITY = YES_AGGRESSIVE;
				CLANG_WARN_UNREACHABLE_CODE = YES;
				CLANG_WARN__DUPLICATE_METHOD_MATCH = YES;
				COPY_PHASE_STRIP = NO;
				DEBUG_INFORMATION_FORMAT = "dwarf-with-dsym";
				ENABLE_NS_ASSERTIONS = NO;
				ENABLE_STRICT_OBJC_MSGSEND = YES;
				GCC_C_LANGUAGE_STANDARD = gnu11;
				GCC_NO_COMMON_BLOCKS = YES;
				GCC_WARN_64_TO_32_BIT_CONVERSION = YES;
				GCC_WARN_ABOUT_RETURN_TYPE = YES_ERROR;
				GCC_WARN_UNDECLARED_SELECTOR = YES;
				GCC_WARN_UNINITIALIZED_AUTOS = YES_AGGRESSIVE;
				GCC_WARN_UNUSED_FUNCTION = YES;
				GCC_WARN_UNUSED_VARIABLE = YES;
				IPHONEOS_DEPLOYMENT_TARGET = 13.0;
				MTL_ENABLE_DEBUG_INFO = NO;
				MTL_FAST_MATH = YES;
				SDKROOT = iphoneos;
				SWIFT_COMPILATION_MODE = wholemodule;
				SWIFT_OPTIMIZATION_LEVEL = "-O";
				VALIDATE_PRODUCT = YES;
			};
			name = Release;
		};
		02094C4625EF769700990F2D /* Debug */ = {
			isa = XCBuildConfiguration;
			baseConfigurationReference = 7874663FAD273602C1FA5719 /* Pods-Buzz Shorts.debug.xcconfig */;
			buildSettings = {
				ASSETCATALOG_COMPILER_APPICON_NAME = AppIcon;
				ASSETCATALOG_COMPILER_GLOBAL_ACCENT_COLOR_NAME = AccentColor;
				CLANG_ENABLE_MODULES = YES;
				CODE_SIGN_STYLE = Automatic;
				DEVELOPMENT_TEAM = 23B9F9FCMC;
				INFOPLIST_FILE = "Buzz Shorts/Info.plist";
				IPHONEOS_DEPLOYMENT_TARGET = 13.0;
				LD_RUNPATH_SEARCH_PATHS = (
					"$(inherited)",
					"@executable_path/Frameworks",
				);
				MARKETING_VERSION = 1.0.0;
				PRODUCT_BUNDLE_IDENTIFIER = "com.bridgingpointsmedia.Buzz-Shorts-BPM";
				PRODUCT_NAME = "$(TARGET_NAME)";
				SWIFT_OPTIMIZATION_LEVEL = "-Onone";
				SWIFT_VERSION = 5.0;
				TARGETED_DEVICE_FAMILY = 1;
			};
			name = Debug;
		};
		02094C4725EF769700990F2D /* Release */ = {
			isa = XCBuildConfiguration;
			baseConfigurationReference = 9113DE3689A31F1B769D166E /* Pods-Buzz Shorts.release.xcconfig */;
			buildSettings = {
				ASSETCATALOG_COMPILER_APPICON_NAME = AppIcon;
				ASSETCATALOG_COMPILER_GLOBAL_ACCENT_COLOR_NAME = AccentColor;
				CLANG_ENABLE_MODULES = YES;
				CODE_SIGN_STYLE = Automatic;
				DEVELOPMENT_TEAM = 23B9F9FCMC;
				INFOPLIST_FILE = "Buzz Shorts/Info.plist";
				IPHONEOS_DEPLOYMENT_TARGET = 13.0;
				LD_RUNPATH_SEARCH_PATHS = (
					"$(inherited)",
					"@executable_path/Frameworks",
				);
				MARKETING_VERSION = 1.0.0;
				PRODUCT_BUNDLE_IDENTIFIER = "com.bridgingpointsmedia.Buzz-Shorts-BPM";
				PRODUCT_NAME = "$(TARGET_NAME)";
				SWIFT_VERSION = 5.0;
				TARGETED_DEVICE_FAMILY = 1;
			};
			name = Release;
		};
/* End XCBuildConfiguration section */

/* Begin XCConfigurationList section */
		02094C2C25EF769600990F2D /* Build configuration list for PBXProject "Buzz Shorts" */ = {
			isa = XCConfigurationList;
			buildConfigurations = (
				02094C4325EF769700990F2D /* Debug */,
				02094C4425EF769700990F2D /* Release */,
			);
			defaultConfigurationIsVisible = 0;
			defaultConfigurationName = Release;
		};
		02094C4525EF769700990F2D /* Build configuration list for PBXNativeTarget "Buzz Shorts" */ = {
			isa = XCConfigurationList;
			buildConfigurations = (
				02094C4625EF769700990F2D /* Debug */,
				02094C4725EF769700990F2D /* Release */,
			);
			defaultConfigurationIsVisible = 0;
			defaultConfigurationName = Release;
		};
/* End XCConfigurationList section */
	};
	rootObject = 02094C2925EF769600990F2D /* Project object */;
}
