// !$*UTF8*$!
{
	archiveVersion = 1;
	classes = {
	};
	objectVersion = 51;
	objects = {

/* Begin PBXBuildFile section */
		02094C4925EF771F00990F2D /* GoogleService-Info.plist in Resources */ = {isa = PBXBuildFile; fileRef = 02094C4825EF771F00990F2D /* GoogleService-Info.plist */; };
		02094C5225EF774100990F2D /* SideMenu.swift in Sources */ = {isa = PBXBuildFile; fileRef = 02094C4A25EF773E00990F2D /* SideMenu.swift */; };
		02094C5325EF774100990F2D /* LaunchScreen.storyboard in Resources */ = {isa = PBXBuildFile; fileRef = 02094C4B25EF773F00990F2D /* LaunchScreen.storyboard */; };
		02094C5425EF774100990F2D /* AppDelegate.swift in Sources */ = {isa = PBXBuildFile; fileRef = 02094C4C25EF773F00990F2D /* AppDelegate.swift */; };
		02094C5525EF774100990F2D /* Api.swift in Sources */ = {isa = PBXBuildFile; fileRef = 02094C4D25EF773F00990F2D /* Api.swift */; };
		02094C5625EF774100990F2D /* Assets.xcassets in Resources */ = {isa = PBXBuildFile; fileRef = 02094C4E25EF774000990F2D /* Assets.xcassets */; };
		02094C5725EF774100990F2D /* Main.storyboard in Resources */ = {isa = PBXBuildFile; fileRef = 02094C4F25EF774000990F2D /* Main.storyboard */; };
		02094C5825EF774100990F2D /* Extensions.swift in Sources */ = {isa = PBXBuildFile; fileRef = 02094C5025EF774100990F2D /* Extensions.swift */; };
		02094C5925EF774100990F2D /* SceneDelegate.swift in Sources */ = {isa = PBXBuildFile; fileRef = 02094C5125EF774100990F2D /* SceneDelegate.swift */; };
		FC312D2BB23BF5D91D17F45E /* Pods_Buzz_Shorts.framework in Frameworks */ = {isa = PBXBuildFile; fileRef = C5287CB08D782B2C2F203F2C /* Pods_Buzz_Shorts.framework */; };
/* End PBXBuildFile section */

/* Begin PBXFileReference section */
		02094C3125EF769600990F2D /* Buzz Shorts.app */ = {isa = PBXFileReference; explicitFileType = wrapper.application; includeInIndex = 0; path = "Buzz Shorts.app"; sourceTree = BUILT_PRODUCTS_DIR; };
		02094C4225EF769700990F2D /* Info.plist */ = {isa = PBXFileReference; lastKnownFileType = text.plist.xml; path = Info.plist; sourceTree = "<group>"; };
		02094C4825EF771F00990F2D /* GoogleService-Info.plist */ = {isa = PBXFileReference; fileEncoding = 4; lastKnownFileType = text.plist.xml; path = "GoogleService-Info.plist"; sourceTree = "<group>"; };
		02094C4A25EF773E00990F2D /* SideMenu.swift */ = {isa = PBXFileReference; fileEncoding = 4; lastKnownFileType = sourcecode.swift; path = SideMenu.swift; sourceTree = "<group>"; };
		02094C4B25EF773F00990F2D /* LaunchScreen.storyboard */ = {isa = PBXFileReference; fileEncoding = 4; lastKnownFileType = file.storyboard; path = LaunchScreen.storyboard; sourceTree = "<group>"; };
		02094C4C25EF773F00990F2D /* AppDelegate.swift */ = {isa = PBXFileReference; fileEncoding = 4; lastKnownFileType = sourcecode.swift; path = AppDelegate.swift; sourceTree = "<group>"; };
		02094C4D25EF773F00990F2D /* Api.swift */ = {isa = PBXFileReference; fileEncoding = 4; lastKnownFileType = sourcecode.swift; path = Api.swift; sourceTree = "<group>"; };
		02094C4E25EF774000990F2D /* Assets.xcassets */ = {isa = PBXFileReference; lastKnownFileType = folder.assetcatalog; path = Assets.xcassets; sourceTree = "<group>"; };
		02094C4F25EF774000990F2D /* Main.storyboard */ = {isa = PBXFileReference; fileEncoding = 4; lastKnownFileType = file.storyboard; path = Main.storyboard; sourceTree = "<group>"; };
		02094C5025EF774100990F2D /* Extensions.swift */ = {isa = PBXFileReference; fileEncoding = 4; lastKnownFileType = sourcecode.swift; path = Extensions.swift; sourceTree = "<group>"; };
		02094C5125EF774100990F2D /* SceneDelegate.swift */ = {isa = PBXFileReference; fileEncoding = 4; lastKnownFileType = sourcecode.swift; path = SceneDelegate.swift; sourceTree = "<group>"; };
		7874663FAD273602C1FA5719 /* Pods-Buzz Shorts.debug.xcconfig */ = {isa = PBXFileReference; includeInIndex = 1; lastKnownFileType = text.xcconfig; name = "Pods-Buzz Shorts.debug.xcconfig"; path = "Target Support Files/Pods-Buzz Shorts/Pods-Buzz Shorts.debug.xcconfig"; sourceTree = "<group>"; };
		9113DE3689A31F1B769D166E /* Pods-Buzz Shorts.release.xcconfig */ = {isa = PBXFileReference; includeInIndex = 1; lastKnownFileType = text.xcconfig; name = "Pods-Buzz Shorts.release.xcconfig"; path = "Target Support Files/Pods-Buzz Shorts/Pods-Buzz Shorts.release.xcconfig"; sourceTree = "<group>"; };
		C5287CB08D782B2C2F203F2C /* Pods_Buzz_Shorts.framework */ = {isa = PBXFileReference; explicitFileType = wrapper.framework; includeInIndex = 0; path = Pods_Buzz_Shorts.framework; sourceTree = BUILT_PRODUCTS_DIR; };
/* End PBXFileReference section */

/* Begin PBXFrameworksBuildPhase section */
		02094C2E25EF769600990F2D /* Frameworks */ = {
			isa = PBXFrameworksBuildPhase;
			buildActionMask = 2147483647;
			files = (
				FC312D2BB23BF5D91D17F45E /* Pods_Buzz_Shorts.framework in Frameworks */,
			);
			runOnlyForDeploymentPostprocessing = 0;
		};
/* End PBXFrameworksBuildPhase section */

/* Begin PBXGroup section */
		02094C2825EF769600990F2D = {
			isa = PBXGroup;
			children = (
				02094C3325EF769600990F2D /* Buzz Shorts */,
				02094C3225EF769600990F2D /* Products */,
				1F505C16054EA34D21F436FD /* Pods */,
				E2A783BBC2A8D3E2A98028C5 /* Frameworks */,
			);
			sourceTree = "<group>";
		};
		02094C3225EF769600990F2D /* Products */ = {
			isa = PBXGroup;
			children = (
				02094C3125EF769600990F2D /* Buzz Shorts.app */,
			);
			name = Products;
			sourceTree = "<group>";
		};
		02094C3325EF769600990F2D /* Buzz Shorts */ = {
			isa = PBXGroup;
			children = (
				02094C4C25EF773F00990F2D /* AppDelegate.swift */,
				02094C5125EF774100990F2D /* SceneDelegate.swift */,
				02094C4E25EF774000990F2D /* Assets.xcassets */,
				02094C4B25EF773F00990F2D /* LaunchScreen.storyboard */,
				02094C4F25EF774000990F2D /* Main.storyboard */,
				02094C4A25EF773E00990F2D /* SideMenu.swift */,
				02094C4D25EF773F00990F2D /* Api.swift */,
				02094C5025EF774100990F2D /* Extensions.swift */,
				02094C4225EF769700990F2D /* Info.plist */,
				02094C4825EF771F00990F2D /* GoogleService-Info.plist */,
			);
			path = "Buzz Shorts";
			sourceTree = "<group>";
		};
		1F505C16054EA34D21F436FD /* Pods */ = {
			isa = PBXGroup;
			children = (
				7874663FAD273602C1FA5719 /* Pods-Buzz Shorts.debug.xcconfig */,
				9113DE3689A31F1B769D166E /* Pods-Buzz Shorts.release.xcconfig */,
			);
			path = Pods;
			sourceTree = "<group>";
		};
		E2A783BBC2A8D3E2A98028C5 /* Frameworks */ = {
			isa = PBXGroup;
			children = (
				C5287CB08D782B2C2F203F2C /* Pods_Buzz_Shorts.framework */,
			);
			name = Frameworks;
			sourceTree = "<group>";
		};
/* End PBXGroup section */

/* Begin PBXNativeTarget section */
		02094C3025EF769600990F2D /* Buzz Shorts */ = {
			isa = PBXNativeTarget;
			buildConfigurationList = 02094C4525EF769700990F2D /* Build configuration list for PBXNativeTarget "Buzz Shorts" */;
			buildPhases = (
				94FAC2A67E9D9D6D10313FF9 /* [CP] Check Pods Manifest.lock */,
				02094C2D25EF769600990F2D /* Sources */,
				02094C2E25EF769600990F2D /* Frameworks */,
				02094C2F25EF769600990F2D /* Resources */,
				1564E0B4314BB5C84EF36805 /* [CP] Embed Pods Frameworks */,
			);
			buildRules = (
			);
			dependencies = (
			);
			name = "Buzz Shorts";
			productName = "Buzz Shorts";
			productReference = 02094C3125EF769600990F2D /* Buzz Shorts.app */;
			productType = "com.apple.product-type.application";
		};
/* End PBXNativeTarget section */

/* Begin PBXProject section */
		02094C2925EF769600990F2D /* Project object */ = {
			isa = PBXProject;
			attributes = {
				LastSwiftUpdateCheck = 1250;
				LastUpgradeCheck = 1250;
				TargetAttributes = {
					02094C3025EF769600990F2D = {
						CreatedOnToolsVersion = 12.5;
						LastSwiftMigration = 1250;
					};
				};
			};
			buildConfigurationList = 02094C2C25EF769600990F2D /* Build configuration list for PBXProject "Buzz Shorts" */;
			compatibilityVersion = "Xcode 9.3";
			developmentRegion = en;
			hasScannedForEncodings = 0;
			knownRegions = (
				en,
				Base,
			);
			mainGroup = 02094C2825EF769600990F2D;
			productRefGroup = 02094C3225EF769600990F2D /* Products */;
			projectDirPath = "";
			projectRoot = "";
			targets = (
				02094C3025EF769600990F2D /* Buzz Shorts */,
			);
		};
/* End PBXProject section */

/* Begin PBXResourcesBuildPhase section */
		02094C2F25EF769600990F2D /* Resources */ = {
			isa = PBXResourcesBuildPhase;
			buildActionMask = 2147483647;
			files = (
				02094C4925EF771F00990F2D /* GoogleService-Info.plist in Resources */,
				02094C5625EF774100990F2D /* Assets.xcassets in Resources */,
				02094C5325EF774100990F2D /* LaunchScreen.storyboard in Resources */,
				02094C5725EF774100990F2D /* Main.storyboard in Resources */,
			);
			runOnlyForDeploymentPostprocessing = 0;
		};
/* End PBXResourcesBuildPhase section */

/* Begin PBXShellScriptBuildPhase section */
		1564E0B4314BB5C84EF36805 /* [CP] Embed Pods Frameworks */ = {
			isa = PBXShellScriptBuildPhase;
			buildActionMask = 2147483647;
			files = (
			);
			inputFileListPaths = (
				"${PODS_ROOT}/Target Support Files/Pods-Buzz Shorts/Pods-Buzz Shorts-frameworks-${CONFIGURATION}-input-files.xcfilelist",
			);
			name = "[CP] Embed Pods Frameworks";
			outputFileListPaths = (
				"${PODS_ROOT}/Target Support Files/Pods-Buzz Shorts/Pods-Buzz Shorts-frameworks-${CONFIGURATION}-output-files.xcfilelist",
			);
			runOnlyForDeploymentPostprocessing = 0;
			shellPath = /bin/sh;
			shellScript = "\"${PODS_ROOT}/Target Support Files/Pods-Buzz Shorts/Pods-Buzz Shorts-frameworks.sh\"\n";
			showEnvVarsInLog = 0;
		};
		94FAC2A67E9D9D6D10313FF9 /* [CP] Check Pods Manifest.lock */ = {
			isa = PBXShellScriptBuildPhase;
			buildActionMask = 2147483647;
			files = (
			);
			inputFileListPaths = (
			);
			inputPaths = (
				"${PODS_PODFILE_DIR_PATH}/Podfile.lock",
				"${PODS_ROOT}/Manifest.lock",
			);
			name = "[CP] Check Pods Manifest.lock";
			outputFileListPaths = (
			);
			outputPaths = (
				"$(DERIVED_FILE_DIR)/Pods-Buzz Shorts-checkManifestLockResult.txt",
			);
			runOnlyForDeploymentPostprocessing = 0;
			shellPath = /bin/sh;
			shellScript = "diff \"${PODS_PODFILE_DIR_PATH}/Podfile.lock\" \"${PODS_ROOT}/Manifest.lock\" > /dev/null\nif [ $? != 0 ] ; then\n    # print error to STDERR\n    echo \"error: The sandbox is not in sync with the Podfile.lock. Run 'pod install' or update your CocoaPods installation.\" >&2\n    exit 1\nfi\n# This output is used by Xcode 'outputs' to avoid re-running this script phase.\necho \"SUCCESS\" > \"${SCRIPT_OUTPUT_FILE_0}\"\n";
			showEnvVarsInLog = 0;
		};
/* End PBXShellScriptBuildPhase section */

/* Begin PBXSourcesBuildPhase section */
		02094C2D25EF769600990F2D /* Sources */ = {
			isa = PBXSourcesBuildPhase;
			buildActionMask = 2147483647;
			files = (
				02094C5925EF774100990F2D /* SceneDelegate.swift in Sources */,
				02094C5525EF774100990F2D /* Api.swift in Sources */,
				02094C5425EF774100990F2D /* AppDelegate.swift in Sources */,
				02094C5225EF774100990F2D /* SideMenu.swift in Sources */,
				02094C5825EF774100990F2D /* Extensions.swift in Sources */,
			);
			runOnlyForDeploymentPostprocessing = 0;
		};
/* End PBXSourcesBuildPhase section */

/* Begin XCBuildConfiguration section */
		02094C4325EF769700990F2D /* Debug */ = {
			isa = XCBuildConfiguration;
			buildSettings = {
				ALWAYS_SEARCH_USER_PATHS = NO;
				CLANG_ANALYZER_NONNULL = YES;
				CLANG_ANALYZER_NUMBER_OBJECT_CONVERSION = YES_AGGRESSIVE;
				CLANG_CXX_LANGUAGE_STANDARD = "gnu++14";
				CLANG_CXX_LIBRARY = "libc++";
				CLANG_ENABLE_MODULES = YES;
				CLANG_ENABLE_OBJC_ARC = YES;
				CLANG_ENABLE_OBJC_WEAK = YES;
				CLANG_WARN_BLOCK_CAPTURE_AUTORELEASING = YES;
				CLANG_WARN_BOOL_CONVERSION = YES;
				CLANG_WARN_COMMA = YES;
				CLANG_WARN_CONSTANT_CONVERSION = YES;
				CLANG_WARN_DEPRECATED_OBJC_IMPLEMENTATIONS = YES;
				CLANG_WARN_DIRECT_OBJC_ISA_USAGE = YES_ERROR;
				CLANG_WARN_DOCUMENTATION_COMMENTS = YES;
				CLANG_WARN_EMPTY_BODY = YES;
				CLANG_WARN_ENUM_CONVERSION = YES;
				CLANG_WARN_INFINITE_RECURSION = YES;
				CLANG_WARN_INT_CONVERSION = YES;
				CLANG_WARN_NON_LITERAL_NULL_CONVERSION = YES;
				CLANG_WARN_OBJC_IMPLICIT_RETAIN_SELF = YES;
				CLANG_WARN_OBJC_LITERAL_CONVERSION = YES;
				CLANG_WARN_OBJC_ROOT_CLASS = YES_ERROR;
				CLANG_WARN_QUOTED_INCLUDE_IN_FRAMEWORK_HEADER = YES;
				CLANG_WARN_RANGE_LOOP_ANALYSIS = YES;
				CLANG_WARN_STRICT_PROTOTYPES = YES;
				CLANG_WARN_SUSPICIOUS_MOVE = YES;
				CLANG_WARN_UNGUARDED_AVAILABILITY = YES_AGGRESSIVE;
				CLANG_WARN_UNREACHABLE_CODE = YES;
				CLANG_WARN__DUPLICATE_METHOD_MATCH = YES;
				COPY_PHASE_STRIP = NO;
				DEBUG_INFORMATION_FORMAT = dwarf;
				ENABLE_STRICT_OBJC_MSGSEND = YES;
				ENABLE_TESTABILITY = YES;
				GCC_C_LANGUAGE_STANDARD = gnu11;
				GCC_DYNAMIC_NO_PIC = NO;
				GCC_NO_COMMON_BLOCKS = YES;
				GCC_OPTIMIZATION_LEVEL = 0;
				GCC_PREPROCESSOR_DEFINITIONS = (
					"DEBUG=1",
					"$(inherited)",
				);
				GCC_WARN_64_TO_32_BIT_CONVERSION = YES;
				GCC_WARN_ABOUT_RETURN_TYPE = YES_ERROR;
				GCC_WARN_UNDECLARED_SELECTOR = YES;
				GCC_WARN_UNINITIALIZED_AUTOS = YES_AGGRESSIVE;
				GCC_WARN_UNUSED_FUNCTION = YES;
				GCC_WARN_UNUSED_VARIABLE = YES;
				IPHONEOS_DEPLOYMENT_TARGET = 13.0;
				MTL_ENABLE_DEBUG_INFO = INCLUDE_SOURCE;
				MTL_FAST_MATH = YES;
				ONLY_ACTIVE_ARCH = YES;
				SDKROOT = iphoneos;
				SWIFT_ACTIVE_COMPILATION_CONDITIONS = DEBUG;
				SWIFT_OPTIMIZATION_LEVEL = "-Onone";
			};
			name = Debug;
		};
		02094C4425EF769700990F2D /* Release */ = {
			isa = XCBuildConfiguration;
			buildSettings = {
				ALWAYS_SEARCH_USER_PATHS = NO;
				CLANG_ANALYZER_NONNULL = YES;
				CLANG_ANALYZER_NUMBER_OBJECT_CONVERSION = YES_AGGRESSIVE;
				CLANG_CXX_LANGUAGE_STANDARD = "gnu++14";
				CLANG_CXX_LIBRARY = "libc++";
				CLANG_ENABLE_MODULES = YES;
				CLANG_ENABLE_OBJC_ARC = YES;
				CLANG_ENABLE_OBJC_WEAK = YES;
				CLANG_WARN_BLOCK_CAPTURE_AUTORELEASING = YES;
				CLANG_WARN_BOOL_CONVERSION = YES;
				CLANG_WARN_COMMA = YES;
				CLANG_WARN_CONSTANT_CONVERSION = YES;
				CLANG_WARN_DEPRECATED_OBJC_IMPLEMENTATIONS = YES;
				CLANG_WARN_DIRECT_OBJC_ISA_USAGE = YES_ERROR;
				CLANG_WARN_DOCUMENTATION_COMMENTS = YES;
				CLANG_WARN_EMPTY_BODY = YES;
				CLANG_WARN_ENUM_CONVERSION = YES;
				CLANG_WARN_INFINITE_RECURSION = YES;
				CLANG_WARN_INT_CONVERSION = YES;
				CLANG_WARN_NON_LITERAL_NULL_CONVERSION = YES;
				CLANG_WARN_OBJC_IMPLICIT_RETAIN_SELF = YES;
				CLANG_WARN_OBJC_LITERAL_CONVERSION = YES;
				CLANG_WARN_OBJC_ROOT_CLASS = YES_ERROR;
				CLANG_WARN_QUOTED_INCLUDE_IN_FRAMEWORK_HEADER = YES;
				CLANG_WARN_RANGE_LOOP_ANALYSIS = YES;
				CLANG_WARN_STRICT_PROTOTYPES = YES;
				CLANG_WARN_SUSPICIOUS_MOVE = YES;
				CLANG_WARN_UNGUARDED_AVAILABILITY = YES_AGGRESSIVE;
				CLANG_WARN_UNREACHABLE_CODE = YES;
				CLANG_WARN__DUPLICATE_METHOD_MATCH = YES;
				COPY_PHASE_STRIP = NO;
				DEBUG_INFORMATION_FORMAT = "dwarf-with-dsym";
				ENABLE_NS_ASSERTIONS = NO;
				ENABLE_STRICT_OBJC_MSGSEND = YES;
				GCC_C_LANGUAGE_STANDARD = gnu11;
				GCC_NO_COMMON_BLOCKS = YES;
				GCC_WARN_64_TO_32_BIT_CONVERSION = YES;
				GCC_WARN_ABOUT_RETURN_TYPE = YES_ERROR;
				GCC_WARN_UNDECLARED_SELECTOR = YES;
				GCC_WARN_UNINITIALIZED_AUTOS = YES_AGGRESSIVE;
				GCC_WARN_UNUSED_FUNCTION = YES;
				GCC_WARN_UNUSED_VARIABLE = YES;
				IPHONEOS_DEPLOYMENT_TARGET = 13.0;
				MTL_ENABLE_DEBUG_INFO = NO;
				MTL_FAST_MATH = YES;
				SDKROOT = iphoneos;
				SWIFT_COMPILATION_MODE = wholemodule;
				SWIFT_OPTIMIZATION_LEVEL = "-O";
				VALIDATE_PRODUCT = YES;
			};
			name = Release;
		};
		02094C4625EF769700990F2D /* Debug */ = {
			isa = XCBuildConfiguration;
			baseConfigurationReference = 7874663FAD273602C1FA5719 /* Pods-Buzz Shorts.debug.xcconfig */;
			buildSettings = {
				ASSETCATALOG_COMPILER_APPICON_NAME = AppIcon;
				ASSETCATALOG_COMPILER_GLOBAL_ACCENT_COLOR_NAME = AccentColor;
				CLANG_ENABLE_MODULES = YES;
				CODE_SIGN_STYLE = Automatic;
				DEVELOPMENT_TEAM = 77BWS8985H;
				INFOPLIST_FILE = "Buzz Shorts/Info.plist";
				IPHONEOS_DEPLOYMENT_TARGET = 13.0;
				LD_RUNPATH_SEARCH_PATHS = (
					"$(inherited)",
					"@executable_path/Frameworks",
				);
				MARKETING_VERSION = 1.0.0;
				PRODUCT_BUNDLE_IDENTIFIER = "com.likhitgarimella.Buzz-Shorts";
				PRODUCT_NAME = "$(TARGET_NAME)";
				SWIFT_OPTIMIZATION_LEVEL = "-Onone";
				SWIFT_VERSION = 5.0;
				TARGETED_DEVICE_FAMILY = 1;
			};
			name = Debug;
		};
		02094C4725EF769700990F2D /* Release */ = {
			isa = XCBuildConfiguration;
			baseConfigurationReference = 9113DE3689A31F1B769D166E /* Pods-Buzz Shorts.release.xcconfig */;
			buildSettings = {
				ASSETCATALOG_COMPILER_APPICON_NAME = AppIcon;
				ASSETCATALOG_COMPILER_GLOBAL_ACCENT_COLOR_NAME = AccentColor;
				CLANG_ENABLE_MODULES = YES;
				CODE_SIGN_STYLE = Automatic;
				DEVELOPMENT_TEAM = 77BWS8985H;
				INFOPLIST_FILE = "Buzz Shorts/Info.plist";
				IPHONEOS_DEPLOYMENT_TARGET = 13.0;
				LD_RUNPATH_SEARCH_PATHS = (
					"$(inherited)",
					"@executable_path/Frameworks",
				);
				MARKETING_VERSION = 1.0.0;
				PRODUCT_BUNDLE_IDENTIFIER = "com.likhitgarimella.Buzz-Shorts";
				PRODUCT_NAME = "$(TARGET_NAME)";
				SWIFT_VERSION = 5.0;
				TARGETED_DEVICE_FAMILY = 1;
			};
			name = Release;
		};
/* End XCBuildConfiguration section */

/* Begin XCConfigurationList section */
		02094C2C25EF769600990F2D /* Build configuration list for PBXProject "Buzz Shorts" */ = {
			isa = XCConfigurationList;
			buildConfigurations = (
				02094C4325EF769700990F2D /* Debug */,
				02094C4425EF769700990F2D /* Release */,
			);
			defaultConfigurationIsVisible = 0;
			defaultConfigurationName = Release;
		};
		02094C4525EF769700990F2D /* Build configuration list for PBXNativeTarget "Buzz Shorts" */ = {
			isa = XCConfigurationList;
			buildConfigurations = (
				02094C4625EF769700990F2D /* Debug */,
				02094C4725EF769700990F2D /* Release */,
			);
			defaultConfigurationIsVisible = 0;
			defaultConfigurationName = Release;
		};
/* End XCConfigurationList section */
	};
	rootObject = 02094C2925EF769600990F2D /* Project object */;
}
