// !$*UTF8*$!
{
	archiveVersion = 1;
	classes = {
	};
	objectVersion = 51;
	objects = {

/* Begin PBXBuildFile section */
		020B619325C0EFC500F5185E /* HomeModel.swift in Sources */ = {isa = PBXBuildFile; fileRef = 020B619225C0EFC500F5185E /* HomeModel.swift */; };
		020B619625C0EFD200F5185E /* HomePostApi.swift in Sources */ = {isa = PBXBuildFile; fileRef = 020B619525C0EFD200F5185E /* HomePostApi.swift */; };
		020B61AB25C10CED00F5185E /* Api.swift in Sources */ = {isa = PBXBuildFile; fileRef = 020B61AA25C10CED00F5185E /* Api.swift */; };
		02220A9925AED0DD00B46760 /* SideMenu.swift in Sources */ = {isa = PBXBuildFile; fileRef = 02220A9825AED0DD00B46760 /* SideMenu.swift */; };
		02220A9D25AED3A400B46760 /* IndiaViewController.swift in Sources */ = {isa = PBXBuildFile; fileRef = 02220A9C25AED3A400B46760 /* IndiaViewController.swift */; };
		02220AA025AED49800B46760 /* WorldViewController.swift in Sources */ = {isa = PBXBuildFile; fileRef = 02220A9F25AED49800B46760 /* WorldViewController.swift */; };
		022C45B425C72C08005D7E58 /* IndiaModel.swift in Sources */ = {isa = PBXBuildFile; fileRef = 022C45B325C72C08005D7E58 /* IndiaModel.swift */; };
		022C45B725C72C1C005D7E58 /* IndiaPostApi.swift in Sources */ = {isa = PBXBuildFile; fileRef = 022C45B625C72C1C005D7E58 /* IndiaPostApi.swift */; };
		025B83A325B43489005B4D6D /* TechCell.swift in Sources */ = {isa = PBXBuildFile; fileRef = 025B83A125B43489005B4D6D /* TechCell.swift */; };
		025B83A425B43489005B4D6D /* TechCell.xib in Resources */ = {isa = PBXBuildFile; fileRef = 025B83A225B43489005B4D6D /* TechCell.xib */; };
		025B83A825B43503005B4D6D /* AutoCell.swift in Sources */ = {isa = PBXBuildFile; fileRef = 025B83A625B43503005B4D6D /* AutoCell.swift */; };
		025B83A925B43503005B4D6D /* AutoCell.xib in Resources */ = {isa = PBXBuildFile; fileRef = 025B83A725B43503005B4D6D /* AutoCell.xib */; };
		025B83AD25B435B8005B4D6D /* SportsCell.swift in Sources */ = {isa = PBXBuildFile; fileRef = 025B83AB25B435B8005B4D6D /* SportsCell.swift */; };
		025B83AE25B435B8005B4D6D /* SportsCell.xib in Resources */ = {isa = PBXBuildFile; fileRef = 025B83AC25B435B8005B4D6D /* SportsCell.xib */; };
		025B83B325B43685005B4D6D /* EntertainmentCell.swift in Sources */ = {isa = PBXBuildFile; fileRef = 025B83B125B43685005B4D6D /* EntertainmentCell.swift */; };
		025B83B425B43685005B4D6D /* EntertainmentCell.xib in Resources */ = {isa = PBXBuildFile; fileRef = 025B83B225B43685005B4D6D /* EntertainmentCell.xib */; };
		025B83B825B437DD005B4D6D /* HealthCell.swift in Sources */ = {isa = PBXBuildFile; fileRef = 025B83B625B437DD005B4D6D /* HealthCell.swift */; };
		025B83B925B437DD005B4D6D /* HealthCell.xib in Resources */ = {isa = PBXBuildFile; fileRef = 025B83B725B437DD005B4D6D /* HealthCell.xib */; };
		025B83BD25B4388A005B4D6D /* LifestyleCell.swift in Sources */ = {isa = PBXBuildFile; fileRef = 025B83BB25B4388A005B4D6D /* LifestyleCell.swift */; };
		025B83BE25B4388A005B4D6D /* LifestyleCell.xib in Resources */ = {isa = PBXBuildFile; fileRef = 025B83BC25B4388A005B4D6D /* LifestyleCell.xib */; };
		025B83C225B43A5F005B4D6D /* TravelCell.swift in Sources */ = {isa = PBXBuildFile; fileRef = 025B83C025B43A5F005B4D6D /* TravelCell.swift */; };
		025B83C325B43A5F005B4D6D /* TravelCell.xib in Resources */ = {isa = PBXBuildFile; fileRef = 025B83C125B43A5F005B4D6D /* TravelCell.xib */; };
		025B83C725B43B95005B4D6D /* AstroCell.swift in Sources */ = {isa = PBXBuildFile; fileRef = 025B83C525B43B95005B4D6D /* AstroCell.swift */; };
		025B83C825B43B95005B4D6D /* AstroCell.xib in Resources */ = {isa = PBXBuildFile; fileRef = 025B83C625B43B95005B4D6D /* AstroCell.xib */; };
		025B83CC25B466F8005B4D6D /* Extensions.swift in Sources */ = {isa = PBXBuildFile; fileRef = 025B83CB25B466F8005B4D6D /* Extensions.swift */; };
		0261D95F25B3436A00B9357C /* SF-Pro-Display-Black.otf in Resources */ = {isa = PBXBuildFile; fileRef = 0261D94D25B3436800B9357C /* SF-Pro-Display-Black.otf */; };
		0261D96025B3436A00B9357C /* SF-Pro-Display-UltralightItalic.otf in Resources */ = {isa = PBXBuildFile; fileRef = 0261D94E25B3436800B9357C /* SF-Pro-Display-UltralightItalic.otf */; };
		0261D96125B3436A00B9357C /* SF-Pro-Display-MediumItalic.otf in Resources */ = {isa = PBXBuildFile; fileRef = 0261D94F25B3436800B9357C /* SF-Pro-Display-MediumItalic.otf */; };
		0261D96225B3436A00B9357C /* SF-Pro-Display-Regular.otf in Resources */ = {isa = PBXBuildFile; fileRef = 0261D95025B3436800B9357C /* SF-Pro-Display-Regular.otf */; };
		0261D96325B3436A00B9357C /* SF-Pro-Display-Light.otf in Resources */ = {isa = PBXBuildFile; fileRef = 0261D95125B3436800B9357C /* SF-Pro-Display-Light.otf */; };
		0261D96425B3436A00B9357C /* SF-Pro-Display-Semibold.otf in Resources */ = {isa = PBXBuildFile; fileRef = 0261D95225B3436800B9357C /* SF-Pro-Display-Semibold.otf */; };
		0261D96525B3436A00B9357C /* SF-Pro-Display-Ultralight.otf in Resources */ = {isa = PBXBuildFile; fileRef = 0261D95325B3436800B9357C /* SF-Pro-Display-Ultralight.otf */; };
		0261D96625B3436A00B9357C /* SF-Pro-Display-Heavy.otf in Resources */ = {isa = PBXBuildFile; fileRef = 0261D95425B3436800B9357C /* SF-Pro-Display-Heavy.otf */; };
		0261D96725B3436A00B9357C /* SF-Pro-Display-HeavyItalic.otf in Resources */ = {isa = PBXBuildFile; fileRef = 0261D95525B3436900B9357C /* SF-Pro-Display-HeavyItalic.otf */; };
		0261D96825B3436A00B9357C /* SF-Pro-Display-Medium.otf in Resources */ = {isa = PBXBuildFile; fileRef = 0261D95625B3436900B9357C /* SF-Pro-Display-Medium.otf */; };
		0261D96925B3436A00B9357C /* SF-Pro-Display-Thin.otf in Resources */ = {isa = PBXBuildFile; fileRef = 0261D95725B3436900B9357C /* SF-Pro-Display-Thin.otf */; };
		0261D96A25B3436A00B9357C /* SF-Pro-Display-ThinItalic.otf in Resources */ = {isa = PBXBuildFile; fileRef = 0261D95825B3436900B9357C /* SF-Pro-Display-ThinItalic.otf */; };
		0261D96B25B3436A00B9357C /* SF-Pro-Display-LightItalic.otf in Resources */ = {isa = PBXBuildFile; fileRef = 0261D95925B3436900B9357C /* SF-Pro-Display-LightItalic.otf */; };
		0261D96C25B3436A00B9357C /* SF-Pro-Display-SemiboldItalic.otf in Resources */ = {isa = PBXBuildFile; fileRef = 0261D95A25B3436900B9357C /* SF-Pro-Display-SemiboldItalic.otf */; };
		0261D96D25B3436A00B9357C /* SF-Pro-Display-BoldItalic.otf in Resources */ = {isa = PBXBuildFile; fileRef = 0261D95B25B3436900B9357C /* SF-Pro-Display-BoldItalic.otf */; };
		0261D96E25B3436A00B9357C /* SF-Pro-Display-RegularItalic.otf in Resources */ = {isa = PBXBuildFile; fileRef = 0261D95C25B3436A00B9357C /* SF-Pro-Display-RegularItalic.otf */; };
		0261D96F25B3436A00B9357C /* SF-Pro-Display-Bold.otf in Resources */ = {isa = PBXBuildFile; fileRef = 0261D95D25B3436A00B9357C /* SF-Pro-Display-Bold.otf */; };
		0261D97025B3436A00B9357C /* SF-Pro-Display-BlackItalic.otf in Resources */ = {isa = PBXBuildFile; fileRef = 0261D95E25B3436A00B9357C /* SF-Pro-Display-BlackItalic.otf */; };
		0261D98325B37EED00B9357C /* HomeCell.swift in Sources */ = {isa = PBXBuildFile; fileRef = 0261D98125B37EED00B9357C /* HomeCell.swift */; };
		0261D98425B37EED00B9357C /* HomeCell.xib in Resources */ = {isa = PBXBuildFile; fileRef = 0261D98225B37EED00B9357C /* HomeCell.xib */; };
		0261D98825B3816000B9357C /* IndiaCell.swift in Sources */ = {isa = PBXBuildFile; fileRef = 0261D98625B3816000B9357C /* IndiaCell.swift */; };
		0261D98925B3816000B9357C /* IndiaCell.xib in Resources */ = {isa = PBXBuildFile; fileRef = 0261D98725B3816000B9357C /* IndiaCell.xib */; };
		0261D98D25B382D700B9357C /* WorldCell.swift in Sources */ = {isa = PBXBuildFile; fileRef = 0261D98B25B382D700B9357C /* WorldCell.swift */; };
		0261D98E25B382D700B9357C /* WorldCell.xib in Resources */ = {isa = PBXBuildFile; fileRef = 0261D98C25B382D700B9357C /* WorldCell.xib */; };
		0261D99325B3832000B9357C /* FinanceCell.swift in Sources */ = {isa = PBXBuildFile; fileRef = 0261D99125B3832000B9357C /* FinanceCell.swift */; };
		0261D99425B3832000B9357C /* FinanceCell.xib in Resources */ = {isa = PBXBuildFile; fileRef = 0261D99225B3832000B9357C /* FinanceCell.xib */; };
		0280C7EE25B1C8670022B1DA /* GoogleService-Info.plist in Resources */ = {isa = PBXBuildFile; fileRef = 0280C7ED25B1C8670022B1DA /* GoogleService-Info.plist */; };
		0295C1A825B0BA01008F966D /* FinanceViewController.swift in Sources */ = {isa = PBXBuildFile; fileRef = 0295C1A725B0BA01008F966D /* FinanceViewController.swift */; };
		0295C1AB25B0BA54008F966D /* TechViewController.swift in Sources */ = {isa = PBXBuildFile; fileRef = 0295C1AA25B0BA54008F966D /* TechViewController.swift */; };
		0295C1AE25B0BAE0008F966D /* AutoViewController.swift in Sources */ = {isa = PBXBuildFile; fileRef = 0295C1AD25B0BAE0008F966D /* AutoViewController.swift */; };
		0295C1B125B0BB18008F966D /* SportsViewController.swift in Sources */ = {isa = PBXBuildFile; fileRef = 0295C1B025B0BB18008F966D /* SportsViewController.swift */; };
		0295C1B425B0BB37008F966D /* EntertainmentViewController.swift in Sources */ = {isa = PBXBuildFile; fileRef = 0295C1B325B0BB37008F966D /* EntertainmentViewController.swift */; };
		0295C1B725B0BB5C008F966D /* HealthViewController.swift in Sources */ = {isa = PBXBuildFile; fileRef = 0295C1B625B0BB5C008F966D /* HealthViewController.swift */; };
		0295C1BA25B0BB81008F966D /* LifestyleViewController.swift in Sources */ = {isa = PBXBuildFile; fileRef = 0295C1B925B0BB81008F966D /* LifestyleViewController.swift */; };
		0295C1BD25B0BBC1008F966D /* TravelViewController.swift in Sources */ = {isa = PBXBuildFile; fileRef = 0295C1BC25B0BBC1008F966D /* TravelViewController.swift */; };
		0295C1C025B0BBE1008F966D /* AstroViewController.swift in Sources */ = {isa = PBXBuildFile; fileRef = 0295C1BF25B0BBE1008F966D /* AstroViewController.swift */; };
		02A2F78225C8BF7300EEC3B2 /* WorldModel.swift in Sources */ = {isa = PBXBuildFile; fileRef = 02A2F78125C8BF7300EEC3B2 /* WorldModel.swift */; };
		02A2F78525C8BF9500EEC3B2 /* WorldPostApi.swift in Sources */ = {isa = PBXBuildFile; fileRef = 02A2F78425C8BF9500EEC3B2 /* WorldPostApi.swift */; };
		02A2F78825C8C01700EEC3B2 /* FinanceModel.swift in Sources */ = {isa = PBXBuildFile; fileRef = 02A2F78725C8C01700EEC3B2 /* FinanceModel.swift */; };
		02A2F78B25C8C03200EEC3B2 /* FinancePostApi.swift in Sources */ = {isa = PBXBuildFile; fileRef = 02A2F78A25C8C03200EEC3B2 /* FinancePostApi.swift */; };
		02A2F78E25C8C2E500EEC3B2 /* TechModel.swift in Sources */ = {isa = PBXBuildFile; fileRef = 02A2F78D25C8C2E500EEC3B2 /* TechModel.swift */; };
		02A2F79125C8C30200EEC3B2 /* TechPostApi.swift in Sources */ = {isa = PBXBuildFile; fileRef = 02A2F79025C8C30200EEC3B2 /* TechPostApi.swift */; };
		02A2F79425C8C33800EEC3B2 /* AutoModel.swift in Sources */ = {isa = PBXBuildFile; fileRef = 02A2F79325C8C33800EEC3B2 /* AutoModel.swift */; };
		02A2F79725C8C35000EEC3B2 /* AutoPostApi.swift in Sources */ = {isa = PBXBuildFile; fileRef = 02A2F79625C8C35000EEC3B2 /* AutoPostApi.swift */; };
		02A2F79A25C8C4F300EEC3B2 /* SportsModel.swift in Sources */ = {isa = PBXBuildFile; fileRef = 02A2F79925C8C4F300EEC3B2 /* SportsModel.swift */; };
		02A2F79D25C8C50900EEC3B2 /* SportsPostApi.swift in Sources */ = {isa = PBXBuildFile; fileRef = 02A2F79C25C8C50900EEC3B2 /* SportsPostApi.swift */; };
		02A2F7A025C8C71C00EEC3B2 /* EntertainmentModel.swift in Sources */ = {isa = PBXBuildFile; fileRef = 02A2F79F25C8C71C00EEC3B2 /* EntertainmentModel.swift */; };
		02A2F7A325C8C73500EEC3B2 /* EntertainmentPostApi.swift in Sources */ = {isa = PBXBuildFile; fileRef = 02A2F7A225C8C73500EEC3B2 /* EntertainmentPostApi.swift */; };
		02A2F7A625C8C77200EEC3B2 /* HealthModel.swift in Sources */ = {isa = PBXBuildFile; fileRef = 02A2F7A525C8C77200EEC3B2 /* HealthModel.swift */; };
		02A2F7A925C8C78B00EEC3B2 /* HealthPostApi.swift in Sources */ = {isa = PBXBuildFile; fileRef = 02A2F7A825C8C78B00EEC3B2 /* HealthPostApi.swift */; };
		02A2F7AC25C8C81B00EEC3B2 /* LifestyleModel.swift in Sources */ = {isa = PBXBuildFile; fileRef = 02A2F7AB25C8C81B00EEC3B2 /* LifestyleModel.swift */; };
		02A2F7AF25C8C83200EEC3B2 /* LifestylePostApi.swift in Sources */ = {isa = PBXBuildFile; fileRef = 02A2F7AE25C8C83200EEC3B2 /* LifestylePostApi.swift */; };
		02A2F7B225C8C88B00EEC3B2 /* TravelModel.swift in Sources */ = {isa = PBXBuildFile; fileRef = 02A2F7B125C8C88B00EEC3B2 /* TravelModel.swift */; };
		02A2F7B525C8C8B900EEC3B2 /* TravelPostApi.swift in Sources */ = {isa = PBXBuildFile; fileRef = 02A2F7B425C8C8B900EEC3B2 /* TravelPostApi.swift */; };
		02A2F7B825C8C8E300EEC3B2 /* AstroModel.swift in Sources */ = {isa = PBXBuildFile; fileRef = 02A2F7B725C8C8E300EEC3B2 /* AstroModel.swift */; };
		02A2F7BB25C8C91200EEC3B2 /* AstroPostApi.swift in Sources */ = {isa = PBXBuildFile; fileRef = 02A2F7BA25C8C91200EEC3B2 /* AstroPostApi.swift */; };
		02E78D4B258A4F2400029AC2 /* AppDelegate.swift in Sources */ = {isa = PBXBuildFile; fileRef = 02E78D4A258A4F2400029AC2 /* AppDelegate.swift */; };
		02E78D4D258A4F2400029AC2 /* SceneDelegate.swift in Sources */ = {isa = PBXBuildFile; fileRef = 02E78D4C258A4F2400029AC2 /* SceneDelegate.swift */; };
		02E78D4F258A4F2400029AC2 /* HomeViewController.swift in Sources */ = {isa = PBXBuildFile; fileRef = 02E78D4E258A4F2400029AC2 /* HomeViewController.swift */; };
		02E78D52258A4F2400029AC2 /* Main.storyboard in Resources */ = {isa = PBXBuildFile; fileRef = 02E78D50258A4F2400029AC2 /* Main.storyboard */; };
		02E78D54258A4F2600029AC2 /* Assets.xcassets in Resources */ = {isa = PBXBuildFile; fileRef = 02E78D53258A4F2600029AC2 /* Assets.xcassets */; };
		02E78D57258A4F2600029AC2 /* LaunchScreen.storyboard in Resources */ = {isa = PBXBuildFile; fileRef = 02E78D55258A4F2600029AC2 /* LaunchScreen.storyboard */; };
		B8A4DCBD9D877A6DEA1A0430 /* Pods_NewsViewsNetwork.framework in Frameworks */ = {isa = PBXBuildFile; fileRef = 5D72D6D49598A305DFBA495F /* Pods_NewsViewsNetwork.framework */; };
/* End PBXBuildFile section */

/* Begin PBXFileReference section */
		020B619225C0EFC500F5185E /* HomeModel.swift */ = {isa = PBXFileReference; lastKnownFileType = sourcecode.swift; path = HomeModel.swift; sourceTree = "<group>"; };
		020B619525C0EFD200F5185E /* HomePostApi.swift */ = {isa = PBXFileReference; lastKnownFileType = sourcecode.swift; path = HomePostApi.swift; sourceTree = "<group>"; };
		020B61AA25C10CED00F5185E /* Api.swift */ = {isa = PBXFileReference; lastKnownFileType = sourcecode.swift; path = Api.swift; sourceTree = "<group>"; };
		02220A9825AED0DD00B46760 /* SideMenu.swift */ = {isa = PBXFileReference; lastKnownFileType = sourcecode.swift; path = SideMenu.swift; sourceTree = "<group>"; };
		02220A9C25AED3A400B46760 /* IndiaViewController.swift */ = {isa = PBXFileReference; lastKnownFileType = sourcecode.swift; path = IndiaViewController.swift; sourceTree = "<group>"; };
		02220A9F25AED49800B46760 /* WorldViewController.swift */ = {isa = PBXFileReference; lastKnownFileType = sourcecode.swift; path = WorldViewController.swift; sourceTree = "<group>"; };
		022C45B325C72C08005D7E58 /* IndiaModel.swift */ = {isa = PBXFileReference; lastKnownFileType = sourcecode.swift; path = IndiaModel.swift; sourceTree = "<group>"; };
		022C45B625C72C1C005D7E58 /* IndiaPostApi.swift */ = {isa = PBXFileReference; lastKnownFileType = sourcecode.swift; path = IndiaPostApi.swift; sourceTree = "<group>"; };
		025B83A125B43489005B4D6D /* TechCell.swift */ = {isa = PBXFileReference; lastKnownFileType = sourcecode.swift; path = TechCell.swift; sourceTree = "<group>"; };
		025B83A225B43489005B4D6D /* TechCell.xib */ = {isa = PBXFileReference; lastKnownFileType = file.xib; path = TechCell.xib; sourceTree = "<group>"; };
		025B83A625B43503005B4D6D /* AutoCell.swift */ = {isa = PBXFileReference; lastKnownFileType = sourcecode.swift; path = AutoCell.swift; sourceTree = "<group>"; };
		025B83A725B43503005B4D6D /* AutoCell.xib */ = {isa = PBXFileReference; lastKnownFileType = file.xib; path = AutoCell.xib; sourceTree = "<group>"; };
		025B83AB25B435B8005B4D6D /* SportsCell.swift */ = {isa = PBXFileReference; lastKnownFileType = sourcecode.swift; path = SportsCell.swift; sourceTree = "<group>"; };
		025B83AC25B435B8005B4D6D /* SportsCell.xib */ = {isa = PBXFileReference; lastKnownFileType = file.xib; path = SportsCell.xib; sourceTree = "<group>"; };
		025B83B125B43685005B4D6D /* EntertainmentCell.swift */ = {isa = PBXFileReference; lastKnownFileType = sourcecode.swift; path = EntertainmentCell.swift; sourceTree = "<group>"; };
		025B83B225B43685005B4D6D /* EntertainmentCell.xib */ = {isa = PBXFileReference; lastKnownFileType = file.xib; path = EntertainmentCell.xib; sourceTree = "<group>"; };
		025B83B625B437DD005B4D6D /* HealthCell.swift */ = {isa = PBXFileReference; lastKnownFileType = sourcecode.swift; path = HealthCell.swift; sourceTree = "<group>"; };
		025B83B725B437DD005B4D6D /* HealthCell.xib */ = {isa = PBXFileReference; lastKnownFileType = file.xib; path = HealthCell.xib; sourceTree = "<group>"; };
		025B83BB25B4388A005B4D6D /* LifestyleCell.swift */ = {isa = PBXFileReference; lastKnownFileType = sourcecode.swift; path = LifestyleCell.swift; sourceTree = "<group>"; };
		025B83BC25B4388A005B4D6D /* LifestyleCell.xib */ = {isa = PBXFileReference; lastKnownFileType = file.xib; path = LifestyleCell.xib; sourceTree = "<group>"; };
		025B83C025B43A5F005B4D6D /* TravelCell.swift */ = {isa = PBXFileReference; lastKnownFileType = sourcecode.swift; path = TravelCell.swift; sourceTree = "<group>"; };
		025B83C125B43A5F005B4D6D /* TravelCell.xib */ = {isa = PBXFileReference; lastKnownFileType = file.xib; path = TravelCell.xib; sourceTree = "<group>"; };
		025B83C525B43B95005B4D6D /* AstroCell.swift */ = {isa = PBXFileReference; lastKnownFileType = sourcecode.swift; path = AstroCell.swift; sourceTree = "<group>"; };
		025B83C625B43B95005B4D6D /* AstroCell.xib */ = {isa = PBXFileReference; lastKnownFileType = file.xib; path = AstroCell.xib; sourceTree = "<group>"; };
		025B83CB25B466F8005B4D6D /* Extensions.swift */ = {isa = PBXFileReference; fileEncoding = 4; lastKnownFileType = sourcecode.swift; path = Extensions.swift; sourceTree = "<group>"; };
		0261D94D25B3436800B9357C /* SF-Pro-Display-Black.otf */ = {isa = PBXFileReference; lastKnownFileType = file; path = "SF-Pro-Display-Black.otf"; sourceTree = "<group>"; };
		0261D94E25B3436800B9357C /* SF-Pro-Display-UltralightItalic.otf */ = {isa = PBXFileReference; lastKnownFileType = file; path = "SF-Pro-Display-UltralightItalic.otf"; sourceTree = "<group>"; };
		0261D94F25B3436800B9357C /* SF-Pro-Display-MediumItalic.otf */ = {isa = PBXFileReference; lastKnownFileType = file; path = "SF-Pro-Display-MediumItalic.otf"; sourceTree = "<group>"; };
		0261D95025B3436800B9357C /* SF-Pro-Display-Regular.otf */ = {isa = PBXFileReference; lastKnownFileType = file; path = "SF-Pro-Display-Regular.otf"; sourceTree = "<group>"; };
		0261D95125B3436800B9357C /* SF-Pro-Display-Light.otf */ = {isa = PBXFileReference; lastKnownFileType = file; path = "SF-Pro-Display-Light.otf"; sourceTree = "<group>"; };
		0261D95225B3436800B9357C /* SF-Pro-Display-Semibold.otf */ = {isa = PBXFileReference; lastKnownFileType = file; path = "SF-Pro-Display-Semibold.otf"; sourceTree = "<group>"; };
		0261D95325B3436800B9357C /* SF-Pro-Display-Ultralight.otf */ = {isa = PBXFileReference; lastKnownFileType = file; path = "SF-Pro-Display-Ultralight.otf"; sourceTree = "<group>"; };
		0261D95425B3436800B9357C /* SF-Pro-Display-Heavy.otf */ = {isa = PBXFileReference; lastKnownFileType = file; path = "SF-Pro-Display-Heavy.otf"; sourceTree = "<group>"; };
		0261D95525B3436900B9357C /* SF-Pro-Display-HeavyItalic.otf */ = {isa = PBXFileReference; lastKnownFileType = file; path = "SF-Pro-Display-HeavyItalic.otf"; sourceTree = "<group>"; };
		0261D95625B3436900B9357C /* SF-Pro-Display-Medium.otf */ = {isa = PBXFileReference; lastKnownFileType = file; path = "SF-Pro-Display-Medium.otf"; sourceTree = "<group>"; };
		0261D95725B3436900B9357C /* SF-Pro-Display-Thin.otf */ = {isa = PBXFileReference; lastKnownFileType = file; path = "SF-Pro-Display-Thin.otf"; sourceTree = "<group>"; };
		0261D95825B3436900B9357C /* SF-Pro-Display-ThinItalic.otf */ = {isa = PBXFileReference; lastKnownFileType = file; path = "SF-Pro-Display-ThinItalic.otf"; sourceTree = "<group>"; };
		0261D95925B3436900B9357C /* SF-Pro-Display-LightItalic.otf */ = {isa = PBXFileReference; lastKnownFileType = file; path = "SF-Pro-Display-LightItalic.otf"; sourceTree = "<group>"; };
		0261D95A25B3436900B9357C /* SF-Pro-Display-SemiboldItalic.otf */ = {isa = PBXFileReference; lastKnownFileType = file; path = "SF-Pro-Display-SemiboldItalic.otf"; sourceTree = "<group>"; };
		0261D95B25B3436900B9357C /* SF-Pro-Display-BoldItalic.otf */ = {isa = PBXFileReference; lastKnownFileType = file; path = "SF-Pro-Display-BoldItalic.otf"; sourceTree = "<group>"; };
		0261D95C25B3436A00B9357C /* SF-Pro-Display-RegularItalic.otf */ = {isa = PBXFileReference; lastKnownFileType = file; path = "SF-Pro-Display-RegularItalic.otf"; sourceTree = "<group>"; };
		0261D95D25B3436A00B9357C /* SF-Pro-Display-Bold.otf */ = {isa = PBXFileReference; lastKnownFileType = file; path = "SF-Pro-Display-Bold.otf"; sourceTree = "<group>"; };
		0261D95E25B3436A00B9357C /* SF-Pro-Display-BlackItalic.otf */ = {isa = PBXFileReference; lastKnownFileType = file; path = "SF-Pro-Display-BlackItalic.otf"; sourceTree = "<group>"; };
		0261D98125B37EED00B9357C /* HomeCell.swift */ = {isa = PBXFileReference; lastKnownFileType = sourcecode.swift; path = HomeCell.swift; sourceTree = "<group>"; };
		0261D98225B37EED00B9357C /* HomeCell.xib */ = {isa = PBXFileReference; lastKnownFileType = file.xib; path = HomeCell.xib; sourceTree = "<group>"; };
		0261D98625B3816000B9357C /* IndiaCell.swift */ = {isa = PBXFileReference; lastKnownFileType = sourcecode.swift; path = IndiaCell.swift; sourceTree = "<group>"; };
		0261D98725B3816000B9357C /* IndiaCell.xib */ = {isa = PBXFileReference; lastKnownFileType = file.xib; path = IndiaCell.xib; sourceTree = "<group>"; };
		0261D98B25B382D700B9357C /* WorldCell.swift */ = {isa = PBXFileReference; lastKnownFileType = sourcecode.swift; path = WorldCell.swift; sourceTree = "<group>"; };
		0261D98C25B382D700B9357C /* WorldCell.xib */ = {isa = PBXFileReference; lastKnownFileType = file.xib; path = WorldCell.xib; sourceTree = "<group>"; };
		0261D99125B3832000B9357C /* FinanceCell.swift */ = {isa = PBXFileReference; lastKnownFileType = sourcecode.swift; path = FinanceCell.swift; sourceTree = "<group>"; };
		0261D99225B3832000B9357C /* FinanceCell.xib */ = {isa = PBXFileReference; lastKnownFileType = file.xib; path = FinanceCell.xib; sourceTree = "<group>"; };
		0280C7ED25B1C8670022B1DA /* GoogleService-Info.plist */ = {isa = PBXFileReference; fileEncoding = 4; lastKnownFileType = text.plist.xml; path = "GoogleService-Info.plist"; sourceTree = "<group>"; };
		0295C1A725B0BA01008F966D /* FinanceViewController.swift */ = {isa = PBXFileReference; lastKnownFileType = sourcecode.swift; path = FinanceViewController.swift; sourceTree = "<group>"; };
		0295C1AA25B0BA54008F966D /* TechViewController.swift */ = {isa = PBXFileReference; lastKnownFileType = sourcecode.swift; path = TechViewController.swift; sourceTree = "<group>"; };
		0295C1AD25B0BAE0008F966D /* AutoViewController.swift */ = {isa = PBXFileReference; lastKnownFileType = sourcecode.swift; path = AutoViewController.swift; sourceTree = "<group>"; };
		0295C1B025B0BB18008F966D /* SportsViewController.swift */ = {isa = PBXFileReference; lastKnownFileType = sourcecode.swift; path = SportsViewController.swift; sourceTree = "<group>"; };
		0295C1B325B0BB37008F966D /* EntertainmentViewController.swift */ = {isa = PBXFileReference; lastKnownFileType = sourcecode.swift; path = EntertainmentViewController.swift; sourceTree = "<group>"; };
		0295C1B625B0BB5C008F966D /* HealthViewController.swift */ = {isa = PBXFileReference; lastKnownFileType = sourcecode.swift; path = HealthViewController.swift; sourceTree = "<group>"; };
		0295C1B925B0BB81008F966D /* LifestyleViewController.swift */ = {isa = PBXFileReference; lastKnownFileType = sourcecode.swift; path = LifestyleViewController.swift; sourceTree = "<group>"; };
		0295C1BC25B0BBC1008F966D /* TravelViewController.swift */ = {isa = PBXFileReference; lastKnownFileType = sourcecode.swift; path = TravelViewController.swift; sourceTree = "<group>"; };
		0295C1BF25B0BBE1008F966D /* AstroViewController.swift */ = {isa = PBXFileReference; lastKnownFileType = sourcecode.swift; path = AstroViewController.swift; sourceTree = "<group>"; };
		02A2F78125C8BF7300EEC3B2 /* WorldModel.swift */ = {isa = PBXFileReference; lastKnownFileType = sourcecode.swift; path = WorldModel.swift; sourceTree = "<group>"; };
		02A2F78425C8BF9500EEC3B2 /* WorldPostApi.swift */ = {isa = PBXFileReference; lastKnownFileType = sourcecode.swift; path = WorldPostApi.swift; sourceTree = "<group>"; };
		02A2F78725C8C01700EEC3B2 /* FinanceModel.swift */ = {isa = PBXFileReference; lastKnownFileType = sourcecode.swift; path = FinanceModel.swift; sourceTree = "<group>"; };
		02A2F78A25C8C03200EEC3B2 /* FinancePostApi.swift */ = {isa = PBXFileReference; lastKnownFileType = sourcecode.swift; path = FinancePostApi.swift; sourceTree = "<group>"; };
		02A2F78D25C8C2E500EEC3B2 /* TechModel.swift */ = {isa = PBXFileReference; lastKnownFileType = sourcecode.swift; path = TechModel.swift; sourceTree = "<group>"; };
		02A2F79025C8C30200EEC3B2 /* TechPostApi.swift */ = {isa = PBXFileReference; lastKnownFileType = sourcecode.swift; path = TechPostApi.swift; sourceTree = "<group>"; };
		02A2F79325C8C33800EEC3B2 /* AutoModel.swift */ = {isa = PBXFileReference; lastKnownFileType = sourcecode.swift; path = AutoModel.swift; sourceTree = "<group>"; };
		02A2F79625C8C35000EEC3B2 /* AutoPostApi.swift */ = {isa = PBXFileReference; lastKnownFileType = sourcecode.swift; path = AutoPostApi.swift; sourceTree = "<group>"; };
		02A2F79925C8C4F300EEC3B2 /* SportsModel.swift */ = {isa = PBXFileReference; lastKnownFileType = sourcecode.swift; path = SportsModel.swift; sourceTree = "<group>"; };
		02A2F79C25C8C50900EEC3B2 /* SportsPostApi.swift */ = {isa = PBXFileReference; lastKnownFileType = sourcecode.swift; path = SportsPostApi.swift; sourceTree = "<group>"; };
		02A2F79F25C8C71C00EEC3B2 /* EntertainmentModel.swift */ = {isa = PBXFileReference; lastKnownFileType = sourcecode.swift; path = EntertainmentModel.swift; sourceTree = "<group>"; };
		02A2F7A225C8C73500EEC3B2 /* EntertainmentPostApi.swift */ = {isa = PBXFileReference; lastKnownFileType = sourcecode.swift; path = EntertainmentPostApi.swift; sourceTree = "<group>"; };
		02A2F7A525C8C77200EEC3B2 /* HealthModel.swift */ = {isa = PBXFileReference; lastKnownFileType = sourcecode.swift; path = HealthModel.swift; sourceTree = "<group>"; };
		02A2F7A825C8C78B00EEC3B2 /* HealthPostApi.swift */ = {isa = PBXFileReference; lastKnownFileType = sourcecode.swift; path = HealthPostApi.swift; sourceTree = "<group>"; };
		02A2F7AB25C8C81B00EEC3B2 /* LifestyleModel.swift */ = {isa = PBXFileReference; lastKnownFileType = sourcecode.swift; path = LifestyleModel.swift; sourceTree = "<group>"; };
		02A2F7AE25C8C83200EEC3B2 /* LifestylePostApi.swift */ = {isa = PBXFileReference; lastKnownFileType = sourcecode.swift; path = LifestylePostApi.swift; sourceTree = "<group>"; };
		02A2F7B125C8C88B00EEC3B2 /* TravelModel.swift */ = {isa = PBXFileReference; lastKnownFileType = sourcecode.swift; path = TravelModel.swift; sourceTree = "<group>"; };
		02A2F7B425C8C8B900EEC3B2 /* TravelPostApi.swift */ = {isa = PBXFileReference; lastKnownFileType = sourcecode.swift; path = TravelPostApi.swift; sourceTree = "<group>"; };
		02A2F7B725C8C8E300EEC3B2 /* AstroModel.swift */ = {isa = PBXFileReference; lastKnownFileType = sourcecode.swift; path = AstroModel.swift; sourceTree = "<group>"; };
		02A2F7BA25C8C91200EEC3B2 /* AstroPostApi.swift */ = {isa = PBXFileReference; lastKnownFileType = sourcecode.swift; path = AstroPostApi.swift; sourceTree = "<group>"; };
		02E78D47258A4F2400029AC2 /* NewsViewsNetwork.app */ = {isa = PBXFileReference; explicitFileType = wrapper.application; includeInIndex = 0; path = NewsViewsNetwork.app; sourceTree = BUILT_PRODUCTS_DIR; };
		02E78D4A258A4F2400029AC2 /* AppDelegate.swift */ = {isa = PBXFileReference; lastKnownFileType = sourcecode.swift; path = AppDelegate.swift; sourceTree = "<group>"; };
		02E78D4C258A4F2400029AC2 /* SceneDelegate.swift */ = {isa = PBXFileReference; lastKnownFileType = sourcecode.swift; path = SceneDelegate.swift; sourceTree = "<group>"; };
		02E78D4E258A4F2400029AC2 /* HomeViewController.swift */ = {isa = PBXFileReference; lastKnownFileType = sourcecode.swift; path = HomeViewController.swift; sourceTree = "<group>"; };
		02E78D51258A4F2400029AC2 /* Base */ = {isa = PBXFileReference; lastKnownFileType = file.storyboard; name = Base; path = Base.lproj/Main.storyboard; sourceTree = "<group>"; };
		02E78D53258A4F2600029AC2 /* Assets.xcassets */ = {isa = PBXFileReference; lastKnownFileType = folder.assetcatalog; path = Assets.xcassets; sourceTree = "<group>"; };
		02E78D56258A4F2600029AC2 /* Base */ = {isa = PBXFileReference; lastKnownFileType = file.storyboard; name = Base; path = Base.lproj/LaunchScreen.storyboard; sourceTree = "<group>"; };
		02E78D58258A4F2600029AC2 /* Info.plist */ = {isa = PBXFileReference; lastKnownFileType = text.plist.xml; path = Info.plist; sourceTree = "<group>"; };
		5D72D6D49598A305DFBA495F /* Pods_NewsViewsNetwork.framework */ = {isa = PBXFileReference; explicitFileType = wrapper.framework; includeInIndex = 0; path = Pods_NewsViewsNetwork.framework; sourceTree = BUILT_PRODUCTS_DIR; };
		815258BC25E2D729109A1071 /* Pods-NewsViewsNetwork.release.xcconfig */ = {isa = PBXFileReference; includeInIndex = 1; lastKnownFileType = text.xcconfig; name = "Pods-NewsViewsNetwork.release.xcconfig"; path = "Target Support Files/Pods-NewsViewsNetwork/Pods-NewsViewsNetwork.release.xcconfig"; sourceTree = "<group>"; };
		F3B7A75AE81584AB58ABB7E1 /* Pods-NewsViewsNetwork.debug.xcconfig */ = {isa = PBXFileReference; includeInIndex = 1; lastKnownFileType = text.xcconfig; name = "Pods-NewsViewsNetwork.debug.xcconfig"; path = "Target Support Files/Pods-NewsViewsNetwork/Pods-NewsViewsNetwork.debug.xcconfig"; sourceTree = "<group>"; };
/* End PBXFileReference section */

/* Begin PBXFrameworksBuildPhase section */
		02E78D44258A4F2400029AC2 /* Frameworks */ = {
			isa = PBXFrameworksBuildPhase;
			buildActionMask = 2147483647;
			files = (
				B8A4DCBD9D877A6DEA1A0430 /* Pods_NewsViewsNetwork.framework in Frameworks */,
			);
			runOnlyForDeploymentPostprocessing = 0;
		};
/* End PBXFrameworksBuildPhase section */

/* Begin PBXGroup section */
		0261D94C25B341F300B9357C /* Fonts */ = {
			isa = PBXGroup;
			children = (
				0261D94D25B3436800B9357C /* SF-Pro-Display-Black.otf */,
				0261D95E25B3436A00B9357C /* SF-Pro-Display-BlackItalic.otf */,
				0261D95D25B3436A00B9357C /* SF-Pro-Display-Bold.otf */,
				0261D95B25B3436900B9357C /* SF-Pro-Display-BoldItalic.otf */,
				0261D95425B3436800B9357C /* SF-Pro-Display-Heavy.otf */,
				0261D95525B3436900B9357C /* SF-Pro-Display-HeavyItalic.otf */,
				0261D95125B3436800B9357C /* SF-Pro-Display-Light.otf */,
				0261D95925B3436900B9357C /* SF-Pro-Display-LightItalic.otf */,
				0261D95625B3436900B9357C /* SF-Pro-Display-Medium.otf */,
				0261D94F25B3436800B9357C /* SF-Pro-Display-MediumItalic.otf */,
				0261D95025B3436800B9357C /* SF-Pro-Display-Regular.otf */,
				0261D95C25B3436A00B9357C /* SF-Pro-Display-RegularItalic.otf */,
				0261D95225B3436800B9357C /* SF-Pro-Display-Semibold.otf */,
				0261D95A25B3436900B9357C /* SF-Pro-Display-SemiboldItalic.otf */,
				0261D95725B3436900B9357C /* SF-Pro-Display-Thin.otf */,
				0261D95825B3436900B9357C /* SF-Pro-Display-ThinItalic.otf */,
				0261D95325B3436800B9357C /* SF-Pro-Display-Ultralight.otf */,
				0261D94E25B3436800B9357C /* SF-Pro-Display-UltralightItalic.otf */,
			);
			path = Fonts;
			sourceTree = "<group>";
		};
		0261D97425B377C800B9357C /* Home */ = {
			isa = PBXGroup;
			children = (
				02E78D4E258A4F2400029AC2 /* HomeViewController.swift */,
				020B619225C0EFC500F5185E /* HomeModel.swift */,
				020B619525C0EFD200F5185E /* HomePostApi.swift */,
				0261D98225B37EED00B9357C /* HomeCell.xib */,
				0261D98125B37EED00B9357C /* HomeCell.swift */,
			);
			path = Home;
			sourceTree = "<group>";
		};
		0261D97525B377D900B9357C /* India */ = {
			isa = PBXGroup;
			children = (
				02220A9C25AED3A400B46760 /* IndiaViewController.swift */,
				022C45B325C72C08005D7E58 /* IndiaModel.swift */,
				022C45B625C72C1C005D7E58 /* IndiaPostApi.swift */,
				0261D98725B3816000B9357C /* IndiaCell.xib */,
				0261D98625B3816000B9357C /* IndiaCell.swift */,
			);
			path = India;
			sourceTree = "<group>";
		};
		0261D97625B378A500B9357C /* World */ = {
			isa = PBXGroup;
			children = (
				02220A9F25AED49800B46760 /* WorldViewController.swift */,
				02A2F78125C8BF7300EEC3B2 /* WorldModel.swift */,
				02A2F78425C8BF9500EEC3B2 /* WorldPostApi.swift */,
				0261D98C25B382D700B9357C /* WorldCell.xib */,
				0261D98B25B382D700B9357C /* WorldCell.swift */,
			);
			path = World;
			sourceTree = "<group>";
		};
		0261D97725B378B700B9357C /* Finance */ = {
			isa = PBXGroup;
			children = (
				0295C1A725B0BA01008F966D /* FinanceViewController.swift */,
				02A2F78725C8C01700EEC3B2 /* FinanceModel.swift */,
				02A2F78A25C8C03200EEC3B2 /* FinancePostApi.swift */,
				0261D99225B3832000B9357C /* FinanceCell.xib */,
				0261D99125B3832000B9357C /* FinanceCell.swift */,
			);
			path = Finance;
			sourceTree = "<group>";
		};
		0261D97925B3791700B9357C /* Tech */ = {
			isa = PBXGroup;
			children = (
				0295C1AA25B0BA54008F966D /* TechViewController.swift */,
				02A2F78D25C8C2E500EEC3B2 /* TechModel.swift */,
				02A2F79025C8C30200EEC3B2 /* TechPostApi.swift */,
				025B83A225B43489005B4D6D /* TechCell.xib */,
				025B83A125B43489005B4D6D /* TechCell.swift */,
			);
			path = Tech;
			sourceTree = "<group>";
		};
		0261D97A25B3792400B9357C /* Auto */ = {
			isa = PBXGroup;
			children = (
				0295C1AD25B0BAE0008F966D /* AutoViewController.swift */,
				02A2F79325C8C33800EEC3B2 /* AutoModel.swift */,
				02A2F79625C8C35000EEC3B2 /* AutoPostApi.swift */,
				025B83A725B43503005B4D6D /* AutoCell.xib */,
				025B83A625B43503005B4D6D /* AutoCell.swift */,
			);
			path = Auto;
			sourceTree = "<group>";
		};
		0261D97B25B3792E00B9357C /* Sports */ = {
			isa = PBXGroup;
			children = (
				0295C1B025B0BB18008F966D /* SportsViewController.swift */,
				02A2F79925C8C4F300EEC3B2 /* SportsModel.swift */,
				02A2F79C25C8C50900EEC3B2 /* SportsPostApi.swift */,
				025B83AC25B435B8005B4D6D /* SportsCell.xib */,
				025B83AB25B435B8005B4D6D /* SportsCell.swift */,
			);
			path = Sports;
			sourceTree = "<group>";
		};
		0261D97C25B3793800B9357C /* Entertainment */ = {
			isa = PBXGroup;
			children = (
				0295C1B325B0BB37008F966D /* EntertainmentViewController.swift */,
				02A2F79F25C8C71C00EEC3B2 /* EntertainmentModel.swift */,
				02A2F7A225C8C73500EEC3B2 /* EntertainmentPostApi.swift */,
				025B83B225B43685005B4D6D /* EntertainmentCell.xib */,
				025B83B125B43685005B4D6D /* EntertainmentCell.swift */,
			);
			path = Entertainment;
			sourceTree = "<group>";
		};
		0261D97D25B37A4200B9357C /* Health */ = {
			isa = PBXGroup;
			children = (
				0295C1B625B0BB5C008F966D /* HealthViewController.swift */,
				02A2F7A525C8C77200EEC3B2 /* HealthModel.swift */,
				02A2F7A825C8C78B00EEC3B2 /* HealthPostApi.swift */,
				025B83B725B437DD005B4D6D /* HealthCell.xib */,
				025B83B625B437DD005B4D6D /* HealthCell.swift */,
			);
			path = Health;
			sourceTree = "<group>";
		};
		0261D97E25B37A4D00B9357C /* Lifestyle */ = {
			isa = PBXGroup;
			children = (
				0295C1B925B0BB81008F966D /* LifestyleViewController.swift */,
				02A2F7AB25C8C81B00EEC3B2 /* LifestyleModel.swift */,
				02A2F7AE25C8C83200EEC3B2 /* LifestylePostApi.swift */,
				025B83BC25B4388A005B4D6D /* LifestyleCell.xib */,
				025B83BB25B4388A005B4D6D /* LifestyleCell.swift */,
			);
			path = Lifestyle;
			sourceTree = "<group>";
		};
		0261D97F25B37B7700B9357C /* Travel */ = {
			isa = PBXGroup;
			children = (
				0295C1BC25B0BBC1008F966D /* TravelViewController.swift */,
				02A2F7B125C8C88B00EEC3B2 /* TravelModel.swift */,
				02A2F7B425C8C8B900EEC3B2 /* TravelPostApi.swift */,
				025B83C125B43A5F005B4D6D /* TravelCell.xib */,
				025B83C025B43A5F005B4D6D /* TravelCell.swift */,
			);
			path = Travel;
			sourceTree = "<group>";
		};
		0261D98025B37B8400B9357C /* Astro */ = {
			isa = PBXGroup;
			children = (
				0295C1BF25B0BBE1008F966D /* AstroViewController.swift */,
				02A2F7B725C8C8E300EEC3B2 /* AstroModel.swift */,
				02A2F7BA25C8C91200EEC3B2 /* AstroPostApi.swift */,
				025B83C625B43B95005B4D6D /* AstroCell.xib */,
				025B83C525B43B95005B4D6D /* AstroCell.swift */,
			);
			path = Astro;
			sourceTree = "<group>";
		};
		02E78D3E258A4F2400029AC2 = {
			isa = PBXGroup;
			children = (
				0261D94C25B341F300B9357C /* Fonts */,
				02E78D49258A4F2400029AC2 /* NewsViewsNetwork */,
				0261D97425B377C800B9357C /* Home */,
				0261D97525B377D900B9357C /* India */,
				0261D97625B378A500B9357C /* World */,
				0261D97725B378B700B9357C /* Finance */,
				0261D97925B3791700B9357C /* Tech */,
				0261D97A25B3792400B9357C /* Auto */,
				0261D97B25B3792E00B9357C /* Sports */,
				0261D97C25B3793800B9357C /* Entertainment */,
				0261D97D25B37A4200B9357C /* Health */,
				0261D97E25B37A4D00B9357C /* Lifestyle */,
				0261D97F25B37B7700B9357C /* Travel */,
				0261D98025B37B8400B9357C /* Astro */,
				02E78D48258A4F2400029AC2 /* Products */,
				49681B486AC0FE847030768B /* Pods */,
				87277B864D4A94F2162A2820 /* Frameworks */,
			);
			sourceTree = "<group>";
		};
		02E78D48258A4F2400029AC2 /* Products */ = {
			isa = PBXGroup;
			children = (
				02E78D47258A4F2400029AC2 /* NewsViewsNetwork.app */,
			);
			name = Products;
			sourceTree = "<group>";
		};
		02E78D49258A4F2400029AC2 /* NewsViewsNetwork */ = {
			isa = PBXGroup;
			children = (
				02E78D4A258A4F2400029AC2 /* AppDelegate.swift */,
				02E78D4C258A4F2400029AC2 /* SceneDelegate.swift */,
				02E78D53258A4F2600029AC2 /* Assets.xcassets */,
				02E78D55258A4F2600029AC2 /* LaunchScreen.storyboard */,
				02E78D50258A4F2400029AC2 /* Main.storyboard */,
				02220A9825AED0DD00B46760 /* SideMenu.swift */,
				020B61AA25C10CED00F5185E /* Api.swift */,
				025B83CB25B466F8005B4D6D /* Extensions.swift */,
				02E78D58258A4F2600029AC2 /* Info.plist */,
				0280C7ED25B1C8670022B1DA /* GoogleService-Info.plist */,
			);
			path = NewsViewsNetwork;
			sourceTree = "<group>";
		};
		49681B486AC0FE847030768B /* Pods */ = {
			isa = PBXGroup;
			children = (
				F3B7A75AE81584AB58ABB7E1 /* Pods-NewsViewsNetwork.debug.xcconfig */,
				815258BC25E2D729109A1071 /* Pods-NewsViewsNetwork.release.xcconfig */,
			);
			path = Pods;
			sourceTree = "<group>";
		};
		87277B864D4A94F2162A2820 /* Frameworks */ = {
			isa = PBXGroup;
			children = (
				5D72D6D49598A305DFBA495F /* Pods_NewsViewsNetwork.framework */,
			);
			name = Frameworks;
			sourceTree = "<group>";
		};
/* End PBXGroup section */

/* Begin PBXNativeTarget section */
		02E78D46258A4F2400029AC2 /* NewsViewsNetwork */ = {
			isa = PBXNativeTarget;
			buildConfigurationList = 02E78D5B258A4F2600029AC2 /* Build configuration list for PBXNativeTarget "NewsViewsNetwork" */;
			buildPhases = (
				1B27972C75665C3C327FCE96 /* [CP] Check Pods Manifest.lock */,
				02E78D43258A4F2400029AC2 /* Sources */,
				02E78D44258A4F2400029AC2 /* Frameworks */,
				02E78D45258A4F2400029AC2 /* Resources */,
				07A187A5066EF6FE2A97D48A /* [CP] Embed Pods Frameworks */,
			);
			buildRules = (
			);
			dependencies = (
			);
			name = NewsViewsNetwork;
			productName = NewsViewsNetwork;
			productReference = 02E78D47258A4F2400029AC2 /* NewsViewsNetwork.app */;
			productType = "com.apple.product-type.application";
		};
/* End PBXNativeTarget section */

/* Begin PBXProject section */
		02E78D3F258A4F2400029AC2 /* Project object */ = {
			isa = PBXProject;
			attributes = {
				LastSwiftUpdateCheck = 1230;
				LastUpgradeCheck = 1230;
				TargetAttributes = {
					02E78D46258A4F2400029AC2 = {
						CreatedOnToolsVersion = 12.3;
					};
				};
			};
			buildConfigurationList = 02E78D42258A4F2400029AC2 /* Build configuration list for PBXProject "NewsViewsNetwork" */;
			compatibilityVersion = "Xcode 9.3";
			developmentRegion = en;
			hasScannedForEncodings = 0;
			knownRegions = (
				en,
				Base,
			);
			mainGroup = 02E78D3E258A4F2400029AC2;
			productRefGroup = 02E78D48258A4F2400029AC2 /* Products */;
			projectDirPath = "";
			projectRoot = "";
			targets = (
				02E78D46258A4F2400029AC2 /* NewsViewsNetwork */,
			);
		};
/* End PBXProject section */

/* Begin PBXResourcesBuildPhase section */
		02E78D45258A4F2400029AC2 /* Resources */ = {
			isa = PBXResourcesBuildPhase;
			buildActionMask = 2147483647;
			files = (
				0280C7EE25B1C8670022B1DA /* GoogleService-Info.plist in Resources */,
				0261D97025B3436A00B9357C /* SF-Pro-Display-BlackItalic.otf in Resources */,
				02E78D57258A4F2600029AC2 /* LaunchScreen.storyboard in Resources */,
				0261D98E25B382D700B9357C /* WorldCell.xib in Resources */,
				0261D96725B3436A00B9357C /* SF-Pro-Display-HeavyItalic.otf in Resources */,
				0261D96425B3436A00B9357C /* SF-Pro-Display-Semibold.otf in Resources */,
				0261D96A25B3436A00B9357C /* SF-Pro-Display-ThinItalic.otf in Resources */,
				0261D96225B3436A00B9357C /* SF-Pro-Display-Regular.otf in Resources */,
				0261D96925B3436A00B9357C /* SF-Pro-Display-Thin.otf in Resources */,
				0261D95F25B3436A00B9357C /* SF-Pro-Display-Black.otf in Resources */,
				025B83A925B43503005B4D6D /* AutoCell.xib in Resources */,
				0261D96E25B3436A00B9357C /* SF-Pro-Display-RegularItalic.otf in Resources */,
				025B83A425B43489005B4D6D /* TechCell.xib in Resources */,
				0261D96825B3436A00B9357C /* SF-Pro-Display-Medium.otf in Resources */,
				0261D96325B3436A00B9357C /* SF-Pro-Display-Light.otf in Resources */,
				025B83B925B437DD005B4D6D /* HealthCell.xib in Resources */,
				0261D96F25B3436A00B9357C /* SF-Pro-Display-Bold.otf in Resources */,
				025B83C825B43B95005B4D6D /* AstroCell.xib in Resources */,
				0261D96025B3436A00B9357C /* SF-Pro-Display-UltralightItalic.otf in Resources */,
				0261D96125B3436A00B9357C /* SF-Pro-Display-MediumItalic.otf in Resources */,
				025B83C325B43A5F005B4D6D /* TravelCell.xib in Resources */,
				025B83BE25B4388A005B4D6D /* LifestyleCell.xib in Resources */,
				0261D99425B3832000B9357C /* FinanceCell.xib in Resources */,
				02E78D54258A4F2600029AC2 /* Assets.xcassets in Resources */,
				0261D96525B3436A00B9357C /* SF-Pro-Display-Ultralight.otf in Resources */,
				0261D96D25B3436A00B9357C /* SF-Pro-Display-BoldItalic.otf in Resources */,
				0261D96C25B3436A00B9357C /* SF-Pro-Display-SemiboldItalic.otf in Resources */,
				025B83AE25B435B8005B4D6D /* SportsCell.xib in Resources */,
				0261D98925B3816000B9357C /* IndiaCell.xib in Resources */,
				02E78D52258A4F2400029AC2 /* Main.storyboard in Resources */,
				025B83B425B43685005B4D6D /* EntertainmentCell.xib in Resources */,
				0261D96B25B3436A00B9357C /* SF-Pro-Display-LightItalic.otf in Resources */,
				0261D96625B3436A00B9357C /* SF-Pro-Display-Heavy.otf in Resources */,
				0261D98425B37EED00B9357C /* HomeCell.xib in Resources */,
			);
			runOnlyForDeploymentPostprocessing = 0;
		};
/* End PBXResourcesBuildPhase section */

/* Begin PBXShellScriptBuildPhase section */
		07A187A5066EF6FE2A97D48A /* [CP] Embed Pods Frameworks */ = {
			isa = PBXShellScriptBuildPhase;
			buildActionMask = 2147483647;
			files = (
			);
			inputFileListPaths = (
				"${PODS_ROOT}/Target Support Files/Pods-NewsViewsNetwork/Pods-NewsViewsNetwork-frameworks-${CONFIGURATION}-input-files.xcfilelist",
			);
			name = "[CP] Embed Pods Frameworks";
			outputFileListPaths = (
				"${PODS_ROOT}/Target Support Files/Pods-NewsViewsNetwork/Pods-NewsViewsNetwork-frameworks-${CONFIGURATION}-output-files.xcfilelist",
			);
			runOnlyForDeploymentPostprocessing = 0;
			shellPath = /bin/sh;
			shellScript = "\"${PODS_ROOT}/Target Support Files/Pods-NewsViewsNetwork/Pods-NewsViewsNetwork-frameworks.sh\"\n";
			showEnvVarsInLog = 0;
		};
		1B27972C75665C3C327FCE96 /* [CP] Check Pods Manifest.lock */ = {
			isa = PBXShellScriptBuildPhase;
			buildActionMask = 2147483647;
			files = (
			);
			inputFileListPaths = (
			);
			inputPaths = (
				"${PODS_PODFILE_DIR_PATH}/Podfile.lock",
				"${PODS_ROOT}/Manifest.lock",
			);
			name = "[CP] Check Pods Manifest.lock";
			outputFileListPaths = (
			);
			outputPaths = (
				"$(DERIVED_FILE_DIR)/Pods-NewsViewsNetwork-checkManifestLockResult.txt",
			);
			runOnlyForDeploymentPostprocessing = 0;
			shellPath = /bin/sh;
			shellScript = "diff \"${PODS_PODFILE_DIR_PATH}/Podfile.lock\" \"${PODS_ROOT}/Manifest.lock\" > /dev/null\nif [ $? != 0 ] ; then\n    # print error to STDERR\n    echo \"error: The sandbox is not in sync with the Podfile.lock. Run 'pod install' or update your CocoaPods installation.\" >&2\n    exit 1\nfi\n# This output is used by Xcode 'outputs' to avoid re-running this script phase.\necho \"SUCCESS\" > \"${SCRIPT_OUTPUT_FILE_0}\"\n";
			showEnvVarsInLog = 0;
		};
/* End PBXShellScriptBuildPhase section */

/* Begin PBXSourcesBuildPhase section */
		02E78D43258A4F2400029AC2 /* Sources */ = {
			isa = PBXSourcesBuildPhase;
			buildActionMask = 2147483647;
			files = (
				025B83AD25B435B8005B4D6D /* SportsCell.swift in Sources */,
				02A2F7AC25C8C81B00EEC3B2 /* LifestyleModel.swift in Sources */,
				022C45B425C72C08005D7E58 /* IndiaModel.swift in Sources */,
				02A2F78225C8BF7300EEC3B2 /* WorldModel.swift in Sources */,
				0295C1C025B0BBE1008F966D /* AstroViewController.swift in Sources */,
				02A2F7AF25C8C83200EEC3B2 /* LifestylePostApi.swift in Sources */,
				020B619325C0EFC500F5185E /* HomeModel.swift in Sources */,
				0261D98825B3816000B9357C /* IndiaCell.swift in Sources */,
				02A2F7A025C8C71C00EEC3B2 /* EntertainmentModel.swift in Sources */,
				0261D99325B3832000B9357C /* FinanceCell.swift in Sources */,
				02A2F7BB25C8C91200EEC3B2 /* AstroPostApi.swift in Sources */,
				02A2F79125C8C30200EEC3B2 /* TechPostApi.swift in Sources */,
				025B83C725B43B95005B4D6D /* AstroCell.swift in Sources */,
				02220A9D25AED3A400B46760 /* IndiaViewController.swift in Sources */,
				02A2F7A325C8C73500EEC3B2 /* EntertainmentPostApi.swift in Sources */,
				0261D98325B37EED00B9357C /* HomeCell.swift in Sources */,
				02A2F78825C8C01700EEC3B2 /* FinanceModel.swift in Sources */,
				0295C1BA25B0BB81008F966D /* LifestyleViewController.swift in Sources */,
				02A2F7B225C8C88B00EEC3B2 /* TravelModel.swift in Sources */,
				0295C1BD25B0BBC1008F966D /* TravelViewController.swift in Sources */,
				022C45B725C72C1C005D7E58 /* IndiaPostApi.swift in Sources */,
				02A2F7A925C8C78B00EEC3B2 /* HealthPostApi.swift in Sources */,
				02A2F78B25C8C03200EEC3B2 /* FinancePostApi.swift in Sources */,
				020B61AB25C10CED00F5185E /* Api.swift in Sources */,
				0295C1AE25B0BAE0008F966D /* AutoViewController.swift in Sources */,
				02A2F79A25C8C4F300EEC3B2 /* SportsModel.swift in Sources */,
				025B83B825B437DD005B4D6D /* HealthCell.swift in Sources */,
				02E78D4F258A4F2400029AC2 /* HomeViewController.swift in Sources */,
				02A2F79425C8C33800EEC3B2 /* AutoModel.swift in Sources */,
				02E78D4B258A4F2400029AC2 /* AppDelegate.swift in Sources */,
				02220AA025AED49800B46760 /* WorldViewController.swift in Sources */,
				0261D98D25B382D700B9357C /* WorldCell.swift in Sources */,
				02A2F79D25C8C50900EEC3B2 /* SportsPostApi.swift in Sources */,
				0295C1B425B0BB37008F966D /* EntertainmentViewController.swift in Sources */,
				025B83A825B43503005B4D6D /* AutoCell.swift in Sources */,
				02E78D4D258A4F2400029AC2 /* SceneDelegate.swift in Sources */,
				025B83C225B43A5F005B4D6D /* TravelCell.swift in Sources */,
				025B83B325B43685005B4D6D /* EntertainmentCell.swift in Sources */,
				02A2F7B825C8C8E300EEC3B2 /* AstroModel.swift in Sources */,
				02A2F7B525C8C8B900EEC3B2 /* TravelPostApi.swift in Sources */,
				020B619625C0EFD200F5185E /* HomePostApi.swift in Sources */,
				025B83BD25B4388A005B4D6D /* LifestyleCell.swift in Sources */,
				0295C1A825B0BA01008F966D /* FinanceViewController.swift in Sources */,
				0295C1B125B0BB18008F966D /* SportsViewController.swift in Sources */,
				0295C1AB25B0BA54008F966D /* TechViewController.swift in Sources */,
				02A2F78525C8BF9500EEC3B2 /* WorldPostApi.swift in Sources */,
				02A2F7A625C8C77200EEC3B2 /* HealthModel.swift in Sources */,
				025B83A325B43489005B4D6D /* TechCell.swift in Sources */,
				0295C1B725B0BB5C008F966D /* HealthViewController.swift in Sources */,
				02A2F78E25C8C2E500EEC3B2 /* TechModel.swift in Sources */,
				02220A9925AED0DD00B46760 /* SideMenu.swift in Sources */,
				025B83CC25B466F8005B4D6D /* Extensions.swift in Sources */,
				02A2F79725C8C35000EEC3B2 /* AutoPostApi.swift in Sources */,
			);
			runOnlyForDeploymentPostprocessing = 0;
		};
/* End PBXSourcesBuildPhase section */

/* Begin PBXVariantGroup section */
		02E78D50258A4F2400029AC2 /* Main.storyboard */ = {
			isa = PBXVariantGroup;
			children = (
				02E78D51258A4F2400029AC2 /* Base */,
			);
			name = Main.storyboard;
			sourceTree = "<group>";
		};
		02E78D55258A4F2600029AC2 /* LaunchScreen.storyboard */ = {
			isa = PBXVariantGroup;
			children = (
				02E78D56258A4F2600029AC2 /* Base */,
			);
			name = LaunchScreen.storyboard;
			sourceTree = "<group>";
		};
/* End PBXVariantGroup section */

/* Begin XCBuildConfiguration section */
		02E78D59258A4F2600029AC2 /* Debug */ = {
			isa = XCBuildConfiguration;
			buildSettings = {
				ALWAYS_SEARCH_USER_PATHS = NO;
				CLANG_ANALYZER_NONNULL = YES;
				CLANG_ANALYZER_NUMBER_OBJECT_CONVERSION = YES_AGGRESSIVE;
				CLANG_CXX_LANGUAGE_STANDARD = "gnu++14";
				CLANG_CXX_LIBRARY = "libc++";
				CLANG_ENABLE_MODULES = YES;
				CLANG_ENABLE_OBJC_ARC = YES;
				CLANG_ENABLE_OBJC_WEAK = YES;
				CLANG_WARN_BLOCK_CAPTURE_AUTORELEASING = YES;
				CLANG_WARN_BOOL_CONVERSION = YES;
				CLANG_WARN_COMMA = YES;
				CLANG_WARN_CONSTANT_CONVERSION = YES;
				CLANG_WARN_DEPRECATED_OBJC_IMPLEMENTATIONS = YES;
				CLANG_WARN_DIRECT_OBJC_ISA_USAGE = YES_ERROR;
				CLANG_WARN_DOCUMENTATION_COMMENTS = YES;
				CLANG_WARN_EMPTY_BODY = YES;
				CLANG_WARN_ENUM_CONVERSION = YES;
				CLANG_WARN_INFINITE_RECURSION = YES;
				CLANG_WARN_INT_CONVERSION = YES;
				CLANG_WARN_NON_LITERAL_NULL_CONVERSION = YES;
				CLANG_WARN_OBJC_IMPLICIT_RETAIN_SELF = YES;
				CLANG_WARN_OBJC_LITERAL_CONVERSION = YES;
				CLANG_WARN_OBJC_ROOT_CLASS = YES_ERROR;
				CLANG_WARN_QUOTED_INCLUDE_IN_FRAMEWORK_HEADER = YES;
				CLANG_WARN_RANGE_LOOP_ANALYSIS = YES;
				CLANG_WARN_STRICT_PROTOTYPES = YES;
				CLANG_WARN_SUSPICIOUS_MOVE = YES;
				CLANG_WARN_UNGUARDED_AVAILABILITY = YES_AGGRESSIVE;
				CLANG_WARN_UNREACHABLE_CODE = YES;
				CLANG_WARN__DUPLICATE_METHOD_MATCH = YES;
				COPY_PHASE_STRIP = NO;
				DEBUG_INFORMATION_FORMAT = dwarf;
				ENABLE_STRICT_OBJC_MSGSEND = YES;
				ENABLE_TESTABILITY = YES;
				GCC_C_LANGUAGE_STANDARD = gnu11;
				GCC_DYNAMIC_NO_PIC = NO;
				GCC_NO_COMMON_BLOCKS = YES;
				GCC_OPTIMIZATION_LEVEL = 0;
				GCC_PREPROCESSOR_DEFINITIONS = (
					"DEBUG=1",
					"$(inherited)",
				);
				GCC_WARN_64_TO_32_BIT_CONVERSION = YES;
				GCC_WARN_ABOUT_RETURN_TYPE = YES_ERROR;
				GCC_WARN_UNDECLARED_SELECTOR = YES;
				GCC_WARN_UNINITIALIZED_AUTOS = YES_AGGRESSIVE;
				GCC_WARN_UNUSED_FUNCTION = YES;
				GCC_WARN_UNUSED_VARIABLE = YES;
				IPHONEOS_DEPLOYMENT_TARGET = 11.0;
				MTL_ENABLE_DEBUG_INFO = INCLUDE_SOURCE;
				MTL_FAST_MATH = YES;
				ONLY_ACTIVE_ARCH = YES;
				SDKROOT = iphoneos;
				SWIFT_ACTIVE_COMPILATION_CONDITIONS = DEBUG;
				SWIFT_OPTIMIZATION_LEVEL = "-Onone";
			};
			name = Debug;
		};
		02E78D5A258A4F2600029AC2 /* Release */ = {
			isa = XCBuildConfiguration;
			buildSettings = {
				ALWAYS_SEARCH_USER_PATHS = NO;
				CLANG_ANALYZER_NONNULL = YES;
				CLANG_ANALYZER_NUMBER_OBJECT_CONVERSION = YES_AGGRESSIVE;
				CLANG_CXX_LANGUAGE_STANDARD = "gnu++14";
				CLANG_CXX_LIBRARY = "libc++";
				CLANG_ENABLE_MODULES = YES;
				CLANG_ENABLE_OBJC_ARC = YES;
				CLANG_ENABLE_OBJC_WEAK = YES;
				CLANG_WARN_BLOCK_CAPTURE_AUTORELEASING = YES;
				CLANG_WARN_BOOL_CONVERSION = YES;
				CLANG_WARN_COMMA = YES;
				CLANG_WARN_CONSTANT_CONVERSION = YES;
				CLANG_WARN_DEPRECATED_OBJC_IMPLEMENTATIONS = YES;
				CLANG_WARN_DIRECT_OBJC_ISA_USAGE = YES_ERROR;
				CLANG_WARN_DOCUMENTATION_COMMENTS = YES;
				CLANG_WARN_EMPTY_BODY = YES;
				CLANG_WARN_ENUM_CONVERSION = YES;
				CLANG_WARN_INFINITE_RECURSION = YES;
				CLANG_WARN_INT_CONVERSION = YES;
				CLANG_WARN_NON_LITERAL_NULL_CONVERSION = YES;
				CLANG_WARN_OBJC_IMPLICIT_RETAIN_SELF = YES;
				CLANG_WARN_OBJC_LITERAL_CONVERSION = YES;
				CLANG_WARN_OBJC_ROOT_CLASS = YES_ERROR;
				CLANG_WARN_QUOTED_INCLUDE_IN_FRAMEWORK_HEADER = YES;
				CLANG_WARN_RANGE_LOOP_ANALYSIS = YES;
				CLANG_WARN_STRICT_PROTOTYPES = YES;
				CLANG_WARN_SUSPICIOUS_MOVE = YES;
				CLANG_WARN_UNGUARDED_AVAILABILITY = YES_AGGRESSIVE;
				CLANG_WARN_UNREACHABLE_CODE = YES;
				CLANG_WARN__DUPLICATE_METHOD_MATCH = YES;
				COPY_PHASE_STRIP = NO;
				DEBUG_INFORMATION_FORMAT = "dwarf-with-dsym";
				ENABLE_NS_ASSERTIONS = NO;
				ENABLE_STRICT_OBJC_MSGSEND = YES;
				GCC_C_LANGUAGE_STANDARD = gnu11;
				GCC_NO_COMMON_BLOCKS = YES;
				GCC_WARN_64_TO_32_BIT_CONVERSION = YES;
				GCC_WARN_ABOUT_RETURN_TYPE = YES_ERROR;
				GCC_WARN_UNDECLARED_SELECTOR = YES;
				GCC_WARN_UNINITIALIZED_AUTOS = YES_AGGRESSIVE;
				GCC_WARN_UNUSED_FUNCTION = YES;
				GCC_WARN_UNUSED_VARIABLE = YES;
				IPHONEOS_DEPLOYMENT_TARGET = 11.0;
				MTL_ENABLE_DEBUG_INFO = NO;
				MTL_FAST_MATH = YES;
				SDKROOT = iphoneos;
				SWIFT_COMPILATION_MODE = wholemodule;
				SWIFT_OPTIMIZATION_LEVEL = "-O";
				VALIDATE_PRODUCT = YES;
			};
			name = Release;
		};
		02E78D5C258A4F2600029AC2 /* Debug */ = {
			isa = XCBuildConfiguration;
			baseConfigurationReference = F3B7A75AE81584AB58ABB7E1 /* Pods-NewsViewsNetwork.debug.xcconfig */;
			buildSettings = {
				ASSETCATALOG_COMPILER_APPICON_NAME = AppIcon;
				ASSETCATALOG_COMPILER_GLOBAL_ACCENT_COLOR_NAME = AccentColor;
				CODE_SIGN_STYLE = Automatic;
				DEVELOPMENT_TEAM = 77BWS8985H;
				INFOPLIST_FILE = NewsViewsNetwork/Info.plist;
				IPHONEOS_DEPLOYMENT_TARGET = 11.0;
				LD_RUNPATH_SEARCH_PATHS = (
					"$(inherited)",
					"@executable_path/Frameworks",
				);
				PRODUCT_BUNDLE_IDENTIFIER = com.likhitgarimella.NewsViewsNetwork;
				PRODUCT_NAME = "$(TARGET_NAME)";
				SWIFT_VERSION = 5.0;
				TARGETED_DEVICE_FAMILY = 1;
			};
			name = Debug;
		};
		02E78D5D258A4F2600029AC2 /* Release */ = {
			isa = XCBuildConfiguration;
			baseConfigurationReference = 815258BC25E2D729109A1071 /* Pods-NewsViewsNetwork.release.xcconfig */;
			buildSettings = {
				ASSETCATALOG_COMPILER_APPICON_NAME = AppIcon;
				ASSETCATALOG_COMPILER_GLOBAL_ACCENT_COLOR_NAME = AccentColor;
				CODE_SIGN_STYLE = Automatic;
				DEVELOPMENT_TEAM = 77BWS8985H;
				INFOPLIST_FILE = NewsViewsNetwork/Info.plist;
				IPHONEOS_DEPLOYMENT_TARGET = 11.0;
				LD_RUNPATH_SEARCH_PATHS = (
					"$(inherited)",
					"@executable_path/Frameworks",
				);
				PRODUCT_BUNDLE_IDENTIFIER = com.likhitgarimella.NewsViewsNetwork;
				PRODUCT_NAME = "$(TARGET_NAME)";
				SWIFT_VERSION = 5.0;
				TARGETED_DEVICE_FAMILY = 1;
			};
			name = Release;
		};
/* End XCBuildConfiguration section */

/* Begin XCConfigurationList section */
		02E78D42258A4F2400029AC2 /* Build configuration list for PBXProject "NewsViewsNetwork" */ = {
			isa = XCConfigurationList;
			buildConfigurations = (
				02E78D59258A4F2600029AC2 /* Debug */,
				02E78D5A258A4F2600029AC2 /* Release */,
			);
			defaultConfigurationIsVisible = 0;
			defaultConfigurationName = Release;
		};
		02E78D5B258A4F2600029AC2 /* Build configuration list for PBXNativeTarget "NewsViewsNetwork" */ = {
			isa = XCConfigurationList;
			buildConfigurations = (
				02E78D5C258A4F2600029AC2 /* Debug */,
				02E78D5D258A4F2600029AC2 /* Release */,
			);
			defaultConfigurationIsVisible = 0;
			defaultConfigurationName = Release;
		};
/* End XCConfigurationList section */
	};
	rootObject = 02E78D3F258A4F2400029AC2 /* Project object */;
}
